{
  "version": 4,
  "terraform_version": "1.6.6",
  "serial": 12,
  "lineage": "3d54456b-8ebe-7b6a-2413-d97e02e56989",
  "outputs": {},
  "resources": [
    {
      "mode": "data",
      "type": "archive_file",
      "name": "create_auth_challenge",
      "provider": "provider[\"registry.terraform.io/hashicorp/archive\"]",
      "instances": [
        {
          "schema_version": 0,
          "attributes": {
            "exclude_symlink_directories": null,
            "excludes": null,
            "id": "38244c2c659a5ac6dfeb15ffebaa7f22d79276f0",
            "output_base64sha256": "ZlGu6n8/sh4EYUtrxxGYbU9ye4p76j0h7Iq8DxStx6g=",
            "output_base64sha512": "XQuZgzieS9ILs7E2HZB8ALq/zF/v5tTuFG/gOCRYJBowNlQT0YuIvWV7Tws13g/1dC3sj9KuE4wXE7ZmTuLQTg==",
            "output_file_mode": null,
            "output_md5": "f7f42554c7029746d7a59cd481c485fb",
            "output_path": "./../dist/lambda/create_auth_challenge.zip",
            "output_sha": "38244c2c659a5ac6dfeb15ffebaa7f22d79276f0",
            "output_sha256": "6651aeea7f3fb21e04614b6bc711986d4f727b8a7bea3d21ec8abc0f14adc7a8",
            "output_sha512": "5d0b9983389e4bd20bb3b1361d907c00babfcc5fefe6d4ee146fe0382458241a30365413d18b88bd657b4f0b35de0ff5742dec8fd2ae138c1713b6664ee2d04e",
            "output_size": 1056,
            "source": [],
            "source_content": null,
            "source_content_filename": null,
            "source_dir": null,
            "source_file": "./../dist/service/custom-auth/create-auth-challenge.js",
            "type": "zip"
          },
          "sensitive_attributes": []
        }
      ]
    },
    {
      "mode": "data",
      "type": "archive_file",
      "name": "define_auth_challenge",
      "provider": "provider[\"registry.terraform.io/hashicorp/archive\"]",
      "instances": [
        {
          "schema_version": 0,
          "attributes": {
            "exclude_symlink_directories": null,
            "excludes": null,
            "id": "38244c2c659a5ac6dfeb15ffebaa7f22d79276f0",
            "output_base64sha256": "ZlGu6n8/sh4EYUtrxxGYbU9ye4p76j0h7Iq8DxStx6g=",
            "output_base64sha512": "XQuZgzieS9ILs7E2HZB8ALq/zF/v5tTuFG/gOCRYJBowNlQT0YuIvWV7Tws13g/1dC3sj9KuE4wXE7ZmTuLQTg==",
            "output_file_mode": null,
            "output_md5": "f7f42554c7029746d7a59cd481c485fb",
            "output_path": "./../dist/lambda/define_auth_challenge.zip",
            "output_sha": "38244c2c659a5ac6dfeb15ffebaa7f22d79276f0",
            "output_sha256": "6651aeea7f3fb21e04614b6bc711986d4f727b8a7bea3d21ec8abc0f14adc7a8",
            "output_sha512": "5d0b9983389e4bd20bb3b1361d907c00babfcc5fefe6d4ee146fe0382458241a30365413d18b88bd657b4f0b35de0ff5742dec8fd2ae138c1713b6664ee2d04e",
            "output_size": 1056,
            "source": [],
            "source_content": null,
            "source_content_filename": null,
            "source_dir": null,
            "source_file": "./../dist/service/custom-auth/create-auth-challenge.js",
            "type": "zip"
          },
          "sensitive_attributes": []
        }
      ]
    },
    {
      "mode": "data",
      "type": "archive_file",
      "name": "pre_signup",
      "provider": "provider[\"registry.terraform.io/hashicorp/archive\"]",
      "instances": [
        {
          "schema_version": 0,
          "attributes": {
            "exclude_symlink_directories": null,
            "excludes": null,
            "id": "f4b0358413707d64930b77c8b34d01e623e1f5aa",
            "output_base64sha256": "sGbpt/+ku5NLbCI8AQFVgQJUtxDk602dcA5thImKrCo=",
            "output_base64sha512": "hr8DDofFkRQYA79SNBZA8cM2E+93H/tj2/j82SiKzNRHUIS1QyzhoUv7DFx0c6P866qVKTDxTBWI8XP84QWIhw==",
            "output_file_mode": null,
            "output_md5": "911c5efb2892848bcf665524c0708f6e",
            "output_path": "./../dist/lambda/pre-signup.zip",
            "output_sha": "f4b0358413707d64930b77c8b34d01e623e1f5aa",
            "output_sha256": "b066e9b7ffa4bb934b6c223c010155810254b710e4eb4d9d700e6d84898aac2a",
            "output_sha512": "86bf030e87c591141803bf52341640f1c33613ef771ffb63dbf8fcd9288accd4475084b5432ce1a14bfb0c5c7473a3fcebaa952930f14c1588f173fce1058887",
            "output_size": 663,
            "source": [],
            "source_content": null,
            "source_content_filename": null,
            "source_dir": null,
            "source_file": "./../dist/service/custom-auth/pre-signup.js",
            "type": "zip"
          },
          "sensitive_attributes": []
        }
      ]
    },
    {
      "mode": "data",
      "type": "archive_file",
      "name": "verify_auth_challenge_response",
      "provider": "provider[\"registry.terraform.io/hashicorp/archive\"]",
      "instances": [
        {
          "schema_version": 0,
          "attributes": {
            "exclude_symlink_directories": null,
            "excludes": null,
            "id": "75a216e69bfa514a4be764b9cc13be5dec6a4a5a",
            "output_base64sha256": "4Lwtj3RtpxZ9fMUryexiBEU9yXD6/i5onUcHw9PaiB4=",
            "output_base64sha512": "h/kup7VdLBFAwdveUB5MiHf5wuDfmdy+vzU3HGUMq6/UULmH8J94F2kPYdgrT5cY/axYGMG8KjpOFQJjcgOCGw==",
            "output_file_mode": null,
            "output_md5": "747f84bc88030a0b828bbdd4a4c58826",
            "output_path": "./../dist/lambda/verify_auth_challenge_response.zip",
            "output_sha": "75a216e69bfa514a4be764b9cc13be5dec6a4a5a",
            "output_sha256": "e0bc2d8f746da7167d7cc52bc9ec6204453dc970fafe2e689d4707c3d3da881e",
            "output_sha512": "87f92ea7b55d2c1140c1dbde501e4c8877f9c2e0df99dcbebf35371c650cabafd450b987f09f7817690f61d82b4f9718fdac5818c1bc2a3a4e1502637203821b",
            "output_size": 580,
            "source": [],
            "source_content": null,
            "source_content_filename": null,
            "source_dir": null,
            "source_file": "./../dist/service/custom-auth/verify-auth-challenge-response.js",
            "type": "zip"
          },
          "sensitive_attributes": []
        }
      ]
    },
    {
      "mode": "data",
      "type": "aws_caller_identity",
      "name": "current",
      "provider": "provider[\"registry.terraform.io/hashicorp/aws\"]",
      "instances": [
        {
          "schema_version": 0,
          "attributes": {
            "account_id": "069653090426",
            "arn": "arn:aws:iam::069653090426:user/associates-FMAN24",
            "id": "069653090426",
            "user_id": "AIDARAN5F2B5JMBOBJMEO"
          },
          "sensitive_attributes": []
        }
      ]
    },
    {
      "mode": "data",
      "type": "aws_region",
      "name": "current",
      "provider": "provider[\"registry.terraform.io/hashicorp/aws\"]",
      "instances": [
        {
          "schema_version": 0,
          "attributes": {
            "description": "US West (Oregon)",
            "endpoint": "ec2.us-west-2.amazonaws.com",
            "id": "us-west-2",
            "name": "us-west-2"
          },
          "sensitive_attributes": []
        }
      ]
    },
    {
      "mode": "managed",
      "type": "aws_cognito_user_pool",
      "name": "composable_auth_user_pool",
      "provider": "provider[\"registry.terraform.io/hashicorp/aws\"]",
      "instances": [
        {
          "schema_version": 0,
          "attributes": {
            "account_recovery_setting": [
              {
                "recovery_mechanism": [
                  {
                    "name": "verified_email",
                    "priority": 1
                  },
                  {
                    "name": "verified_phone_number",
                    "priority": 2
                  }
                ]
              }
            ],
            "admin_create_user_config": [
              {
                "allow_admin_create_user_only": false,
                "invite_message_template": []
              }
            ],
            "alias_attributes": [
              "email"
            ],
            "arn": "arn:aws:cognito-idp:us-west-2:069653090426:userpool/us-west-2_OV2auUBRz",
            "auto_verified_attributes": [],
            "creation_date": "2024-01-11T13:03:07Z",
            "custom_domain": "",
            "deletion_protection": "INACTIVE",
            "device_configuration": [],
            "domain": "",
            "email_configuration": [
              {
                "configuration_set": "",
                "email_sending_account": "COGNITO_DEFAULT",
                "from_email_address": "",
                "reply_to_email_address": "",
                "source_arn": ""
              }
            ],
            "email_verification_message": "",
            "email_verification_subject": "",
            "endpoint": "cognito-idp.us-west-2.amazonaws.com/us-west-2_OV2auUBRz",
            "estimated_number_of_users": 0,
            "id": "us-west-2_OV2auUBRz",
            "lambda_config": [
              {
                "create_auth_challenge": "arn:aws:lambda:us-west-2:069653090426:function:composable_auth_solution_create_auth_challenge",
                "custom_email_sender": [],
                "custom_message": "",
                "custom_sms_sender": [],
                "define_auth_challenge": "arn:aws:lambda:us-west-2:069653090426:function:composable_auth_solution_define_auth_challenge",
                "kms_key_id": "",
                "post_authentication": "",
                "post_confirmation": "",
                "pre_authentication": "",
                "pre_sign_up": "arn:aws:lambda:us-west-2:069653090426:function:composable_auth_solution_pre_signup",
                "pre_token_generation": "",
                "user_migration": "",
                "verify_auth_challenge_response": "arn:aws:lambda:us-west-2:069653090426:function:composable_auth_solution_verify_auth_challenge_response"
              }
            ],
            "last_modified_date": "2024-01-12T04:44:51Z",
            "mfa_configuration": "OFF",
            "name": "composable_auth_solution_user_pool",
            "password_policy": [
              {
                "minimum_length": 8,
                "require_lowercase": true,
                "require_numbers": true,
                "require_symbols": true,
                "require_uppercase": true,
                "temporary_password_validity_days": 7
              }
            ],
            "schema": [
              {
                "attribute_data_type": "String",
                "developer_only_attribute": false,
                "mutable": true,
                "name": "email",
                "number_attribute_constraints": [],
                "required": true,
                "string_attribute_constraints": []
              }
            ],
            "sms_authentication_message": "",
            "sms_configuration": [],
            "sms_verification_message": "",
            "software_token_mfa_configuration": [],
            "tags": {},
            "tags_all": {},
            "user_attribute_update_settings": [],
            "user_pool_add_ons": [],
            "username_attributes": [],
            "username_configuration": [],
            "verification_message_template": [
              {
                "default_email_option": "CONFIRM_WITH_CODE",
                "email_message": "",
                "email_message_by_link": "",
                "email_subject": "",
                "email_subject_by_link": "",
                "sms_message": ""
              }
            ]
          },
          "sensitive_attributes": [],
          "private": "bnVsbA==",
          "dependencies": [
            "aws_dynamodb_table.dynamodb_table",
            "aws_iam_policy.policy_create_auth_challenge",
            "aws_iam_policy.policy_define_auth_challenge",
            "aws_iam_policy.policy_presignup",
            "aws_iam_policy.policy_verify_auth_challenege",
            "aws_iam_role.role_create_auth_challenge",
            "aws_iam_role.role_define_auth_challenge",
            "aws_iam_role.role_presignup",
            "aws_iam_role.role_verify_auth_challenge",
            "aws_iam_role_policy_attachment.policy_attachment_create_auth_challenge",
            "aws_iam_role_policy_attachment.policy_attachment_define_auth_challenge",
            "aws_iam_role_policy_attachment.policy_attachment_presignup",
            "aws_iam_role_policy_attachment.policy_attachment_verify_auth_challenge",
            "aws_kms_alias.composable_solution_auth_kms_alias",
            "aws_kms_key.composable_authentication_solution_kms",
            "aws_lambda_function.create_auth_challenge",
            "aws_lambda_function.define_auth_challenge",
            "aws_lambda_function.pre_signup",
            "aws_lambda_function.verify_auth_challenge_response",
            "data.archive_file.create_auth_challenge",
            "data.aws_caller_identity.current",
            "data.aws_region.current"
          ]
        }
      ]
    },
    {
      "mode": "managed",
      "type": "aws_dynamodb_table",
      "name": "dynamodb_table",
      "provider": "provider[\"registry.terraform.io/hashicorp/aws\"]",
      "instances": [
        {
          "schema_version": 1,
          "attributes": {
            "arn": "arn:aws:dynamodb:us-west-2:069653090426:table/composable_auth_solution_SecretsTablePasswordless",
            "attribute": [
              {
                "name": "userNameHash",
                "type": "B"
              }
            ],
            "billing_mode": "PAY_PER_REQUEST",
            "deletion_protection_enabled": false,
            "global_secondary_index": [],
            "hash_key": "userNameHash",
            "id": "composable_auth_solution_SecretsTablePasswordless",
            "import_table": [],
            "local_secondary_index": [],
            "name": "composable_auth_solution_SecretsTablePasswordless",
            "point_in_time_recovery": [
              {
                "enabled": false
              }
            ],
            "range_key": null,
            "read_capacity": 0,
            "replica": [],
            "restore_date_time": null,
            "restore_source_name": null,
            "restore_to_latest_time": null,
            "server_side_encryption": [],
            "stream_arn": "",
            "stream_enabled": false,
            "stream_label": "",
            "stream_view_type": "",
            "table_class": "STANDARD",
            "tags": {},
            "tags_all": {},
            "timeouts": null,
            "ttl": [
              {
                "attribute_name": "exp",
                "enabled": true
              }
            ],
            "write_capacity": 0
          },
          "sensitive_attributes": [],
          "private": "eyJlMmJmYjczMC1lY2FhLTExZTYtOGY4OC0zNDM2M2JjN2M0YzAiOnsiY3JlYXRlIjoxODAwMDAwMDAwMDAwLCJkZWxldGUiOjYwMDAwMDAwMDAwMCwidXBkYXRlIjozNjAwMDAwMDAwMDAwfSwic2NoZW1hX3ZlcnNpb24iOiIxIn0="
        }
      ]
    },
    {
      "mode": "managed",
      "type": "aws_iam_policy",
      "name": "policy_create_auth_challenge",
      "provider": "provider[\"registry.terraform.io/hashicorp/aws\"]",
      "instances": [
        {
          "schema_version": 0,
          "attributes": {
            "arn": "arn:aws:iam::069653090426:policy/composable_auth_solution_aws_policy_create_auth_challenge",
            "description": "AWS IAM Policy for managing AWS Lambda role",
            "id": "arn:aws:iam::069653090426:policy/composable_auth_solution_aws_policy_create_auth_challenge",
            "name": "composable_auth_solution_aws_policy_create_auth_challenge",
            "name_prefix": "",
            "path": "/",
            "policy": "{\"Statement\":[{\"Action\":[\"logs:CreateLogGroup\",\"logs:CreateLogStream\",\"logs:PutLogEvents\"],\"Effect\":\"Allow\",\"Resource\":\"*\"},{\"Action\":[\"dynamodb:BatchGetItem\",\"dynamodb:BatchWriteItem\",\"dynamodb:ConditionCheckItem\",\"dynamodb:DeleteItem\",\"dynamodb:DescribeTable\",\"dynamodb:GetItem\",\"dynamodb:GetRecords\",\"dynamodb:GetShardIterator\",\"dynamodb:PutItem\",\"dynamodb:Query\",\"dynamodb:Scan\",\"dynamodb:UpdateItem\"],\"Effect\":\"Allow\",\"Resource\":[\"arn:aws:dynamodb:us-west-2:069653090426:table/composable_auth_solution_SecretsTablePasswordless\"]},{\"Action\":\"ses:SendEmail\",\"Effect\":\"Allow\",\"Resource\":\"arn:aws:ses:us-west-2:069653090426:identity/*\"},{\"Action\":\"kms:Sign\",\"Condition\":{\"StringLike\":{\"kms:RequestAlias\":\"alias/composable_auth_solution_kms_alias\"}},\"Effect\":\"Allow\",\"Resource\":\"arn:aws:kms:us-west-2:069653090426:key/*\"}],\"Version\":\"2012-10-17\"}",
            "policy_id": "ANPARAN5F2B5MGU5TOUMM",
            "tags": {},
            "tags_all": {}
          },
          "sensitive_attributes": [],
          "private": "bnVsbA==",
          "dependencies": [
            "aws_dynamodb_table.dynamodb_table",
            "aws_kms_alias.composable_solution_auth_kms_alias",
            "aws_kms_key.composable_authentication_solution_kms",
            "data.aws_caller_identity.current",
            "data.aws_region.current"
          ]
        }
      ]
    },
    {
      "mode": "managed",
      "type": "aws_iam_policy",
      "name": "policy_define_auth_challenge",
      "provider": "provider[\"registry.terraform.io/hashicorp/aws\"]",
      "instances": [
        {
          "schema_version": 0,
          "attributes": {
            "arn": "arn:aws:iam::069653090426:policy/composable_auth_solution_aws_policy_define_auth_challenges",
            "description": "AWS IAM Policy for managing AWS Lambda role",
            "id": "arn:aws:iam::069653090426:policy/composable_auth_solution_aws_policy_define_auth_challenges",
            "name": "composable_auth_solution_aws_policy_define_auth_challenges",
            "name_prefix": "",
            "path": "/",
            "policy": "{\"Statement\":[{\"Action\":[\"logs:CreateLogGroup\",\"logs:CreateLogStream\",\"logs:PutLogEvents\"],\"Effect\":\"Allow\",\"Resource\":\"*\"}],\"Version\":\"2012-10-17\"}",
            "policy_id": "ANPARAN5F2B5HCY7V7EMD",
            "tags": {},
            "tags_all": {}
          },
          "sensitive_attributes": [],
          "private": "bnVsbA=="
        }
      ]
    },
    {
      "mode": "managed",
      "type": "aws_iam_policy",
      "name": "policy_presignup",
      "provider": "provider[\"registry.terraform.io/hashicorp/aws\"]",
      "instances": [
        {
          "schema_version": 0,
          "attributes": {
            "arn": "arn:aws:iam::069653090426:policy/composable_auth_solution_aws_policy_presignup",
            "description": "AWS IAM Policy for managing aws lambda role",
            "id": "arn:aws:iam::069653090426:policy/composable_auth_solution_aws_policy_presignup",
            "name": "composable_auth_solution_aws_policy_presignup",
            "name_prefix": "",
            "path": "/",
            "policy": "{\"Statement\":[{\"Action\":[\"logs:CreateLogGroup\",\"logs:CreateLogStream\",\"logs:PutLogEvents\"],\"Effect\":\"Allow\",\"Resource\":\"*\"}],\"Version\":\"2012-10-17\"}",
            "policy_id": "ANPARAN5F2B5PQ3ADLDZP",
            "tags": {},
            "tags_all": {}
          },
          "sensitive_attributes": [],
          "private": "bnVsbA=="
        }
      ]
    },
    {
      "mode": "managed",
      "type": "aws_iam_policy",
      "name": "policy_verify_auth_challenege",
      "provider": "provider[\"registry.terraform.io/hashicorp/aws\"]",
      "instances": [
        {
          "schema_version": 0,
          "attributes": {
            "arn": "arn:aws:iam::069653090426:policy/composable_auth_solution_aws_policy_verify_auth_challenge",
            "description": "AWS IAM Policy for managing AWS Lambda role",
            "id": "arn:aws:iam::069653090426:policy/composable_auth_solution_aws_policy_verify_auth_challenge",
            "name": "composable_auth_solution_aws_policy_verify_auth_challenge",
            "name_prefix": "",
            "path": "/",
            "policy": "{\"Statement\":[{\"Action\":[\"logs:CreateLogGroup\",\"logs:CreateLogStream\",\"logs:PutLogEvents\"],\"Effect\":\"Allow\",\"Resource\":\"*\"},{\"Action\":[\"dynamodb:BatchGetItem\",\"dynamodb:BatchWriteItem\",\"dynamodb:ConditionCheckItem\",\"dynamodb:DeleteItem\",\"dynamodb:DescribeTable\",\"dynamodb:GetItem\",\"dynamodb:GetRecords\",\"dynamodb:GetShardIterator\",\"dynamodb:PutItem\",\"dynamodb:Query\",\"dynamodb:Scan\",\"dynamodb:UpdateItem\"],\"Effect\":\"Allow\",\"Resource\":[\"arn:aws:dynamodb:us-west-2:069653090426:table/composable_auth_solution_SecretsTablePasswordless\"]},{\"Action\":\"kms:GetPublicKey\",\"Condition\":{\"StringLike\":{\"kms:RequestAlias\":\"alias/composable_auth_solution_kms_alias\"}},\"Effect\":\"Allow\",\"Resource\":[\"arn:aws:kms:us-west-2:069653090426:key/bcee8783-a166-4255-91e6-91ef3f77c185\"]}],\"Version\":\"2012-10-17\"}",
            "policy_id": "ANPARAN5F2B5IK4MKEVMO",
            "tags": {},
            "tags_all": {}
          },
          "sensitive_attributes": [],
          "private": "bnVsbA==",
          "dependencies": [
            "aws_dynamodb_table.dynamodb_table",
            "aws_kms_alias.composable_solution_auth_kms_alias",
            "aws_kms_key.composable_authentication_solution_kms"
          ]
        }
      ]
    },
    {
      "mode": "managed",
      "type": "aws_iam_role",
      "name": "role_create_auth_challenge",
      "provider": "provider[\"registry.terraform.io/hashicorp/aws\"]",
      "instances": [
        {
          "schema_version": 0,
          "attributes": {
            "arn": "arn:aws:iam::069653090426:role/composable_auth_solution_create_auth_challenges",
            "assume_role_policy": "{\"Statement\":[{\"Action\":\"sts:AssumeRole\",\"Effect\":\"Allow\",\"Principal\":{\"Service\":\"lambda.amazonaws.com\"},\"Sid\":\"\"}],\"Version\":\"2012-10-17\"}",
            "create_date": "2024-01-10T20:25:09Z",
            "description": "",
            "force_detach_policies": false,
            "id": "composable_auth_solution_create_auth_challenges",
            "inline_policy": [],
            "managed_policy_arns": [
              "arn:aws:iam::069653090426:policy/composable_auth_solution_aws_policy_create_auth_challenge"
            ],
            "max_session_duration": 3600,
            "name": "composable_auth_solution_create_auth_challenges",
            "name_prefix": "",
            "path": "/",
            "permissions_boundary": "",
            "tags": {},
            "tags_all": {},
            "unique_id": "AROARAN5F2B5AYQLRYMHB"
          },
          "sensitive_attributes": [],
          "private": "bnVsbA=="
        }
      ]
    },
    {
      "mode": "managed",
      "type": "aws_iam_role",
      "name": "role_define_auth_challenge",
      "provider": "provider[\"registry.terraform.io/hashicorp/aws\"]",
      "instances": [
        {
          "schema_version": 0,
          "attributes": {
            "arn": "arn:aws:iam::069653090426:role/composable_auth_solution_define_auth_challenge",
            "assume_role_policy": "{\"Statement\":[{\"Action\":\"sts:AssumeRole\",\"Effect\":\"Allow\",\"Principal\":{\"Service\":\"lambda.amazonaws.com\"},\"Sid\":\"\"}],\"Version\":\"2012-10-17\"}",
            "create_date": "2024-01-10T20:25:09Z",
            "description": "",
            "force_detach_policies": false,
            "id": "composable_auth_solution_define_auth_challenge",
            "inline_policy": [],
            "managed_policy_arns": [
              "arn:aws:iam::069653090426:policy/composable_auth_solution_aws_policy_define_auth_challenges"
            ],
            "max_session_duration": 3600,
            "name": "composable_auth_solution_define_auth_challenge",
            "name_prefix": "",
            "path": "/",
            "permissions_boundary": "",
            "tags": {},
            "tags_all": {},
            "unique_id": "AROARAN5F2B5KBYLSK4NS"
          },
          "sensitive_attributes": [],
          "private": "bnVsbA=="
        }
      ]
    },
    {
      "mode": "managed",
      "type": "aws_iam_role",
      "name": "role_presignup",
      "provider": "provider[\"registry.terraform.io/hashicorp/aws\"]",
      "instances": [
        {
          "schema_version": 0,
          "attributes": {
            "arn": "arn:aws:iam::069653090426:role/composable_auth_solution_PreSignup",
            "assume_role_policy": "{\"Statement\":[{\"Action\":\"sts:AssumeRole\",\"Effect\":\"Allow\",\"Principal\":{\"Service\":\"lambda.amazonaws.com\"},\"Sid\":\"\"}],\"Version\":\"2012-10-17\"}",
            "create_date": "2024-01-10T20:25:09Z",
            "description": "",
            "force_detach_policies": false,
            "id": "composable_auth_solution_PreSignup",
            "inline_policy": [],
            "managed_policy_arns": [
              "arn:aws:iam::069653090426:policy/composable_auth_solution_aws_policy_presignup"
            ],
            "max_session_duration": 3600,
            "name": "composable_auth_solution_PreSignup",
            "name_prefix": "",
            "path": "/",
            "permissions_boundary": "",
            "tags": {},
            "tags_all": {},
            "unique_id": "AROARAN5F2B5B4NWJPQJ4"
          },
          "sensitive_attributes": [],
          "private": "bnVsbA=="
        }
      ]
    },
    {
      "mode": "managed",
      "type": "aws_iam_role",
      "name": "role_verify_auth_challenge",
      "provider": "provider[\"registry.terraform.io/hashicorp/aws\"]",
      "instances": [
        {
          "schema_version": 0,
          "attributes": {
            "arn": "arn:aws:iam::069653090426:role/composable_auth_solution_verify_auth_challenge",
            "assume_role_policy": "{\"Statement\":[{\"Action\":\"sts:AssumeRole\",\"Effect\":\"Allow\",\"Principal\":{\"Service\":\"lambda.amazonaws.com\"},\"Sid\":\"\"}],\"Version\":\"2012-10-17\"}",
            "create_date": "2024-01-10T20:25:09Z",
            "description": "",
            "force_detach_policies": false,
            "id": "composable_auth_solution_verify_auth_challenge",
            "inline_policy": [],
            "managed_policy_arns": [
              "arn:aws:iam::069653090426:policy/composable_auth_solution_aws_policy_verify_auth_challenge"
            ],
            "max_session_duration": 3600,
            "name": "composable_auth_solution_verify_auth_challenge",
            "name_prefix": "",
            "path": "/",
            "permissions_boundary": "",
            "tags": {},
            "tags_all": {},
            "unique_id": "AROARAN5F2B5OEWA3GLZP"
          },
          "sensitive_attributes": [],
          "private": "bnVsbA=="
        }
      ]
    },
    {
      "mode": "managed",
      "type": "aws_iam_role_policy_attachment",
      "name": "policy_attachment_create_auth_challenge",
      "provider": "provider[\"registry.terraform.io/hashicorp/aws\"]",
      "instances": [
        {
          "schema_version": 0,
          "attributes": {
            "id": "composable_auth_solution_create_auth_challenges-20240111123354327500000001",
            "policy_arn": "arn:aws:iam::069653090426:policy/composable_auth_solution_aws_policy_create_auth_challenge",
            "role": "composable_auth_solution_create_auth_challenges"
          },
          "sensitive_attributes": [],
          "private": "bnVsbA==",
          "dependencies": [
            "aws_dynamodb_table.dynamodb_table",
            "aws_iam_policy.policy_create_auth_challenge",
            "aws_iam_role.role_create_auth_challenge",
            "aws_kms_alias.composable_solution_auth_kms_alias",
            "aws_kms_key.composable_authentication_solution_kms",
            "data.aws_caller_identity.current",
            "data.aws_region.current"
          ]
        }
      ]
    },
    {
      "mode": "managed",
      "type": "aws_iam_role_policy_attachment",
      "name": "policy_attachment_define_auth_challenge",
      "provider": "provider[\"registry.terraform.io/hashicorp/aws\"]",
      "instances": [
        {
          "schema_version": 0,
          "attributes": {
            "id": "composable_auth_solution_define_auth_challenge-20240110202510547400000002",
            "policy_arn": "arn:aws:iam::069653090426:policy/composable_auth_solution_aws_policy_define_auth_challenges",
            "role": "composable_auth_solution_define_auth_challenge"
          },
          "sensitive_attributes": [],
          "private": "bnVsbA==",
          "dependencies": [
            "aws_iam_policy.policy_define_auth_challenge",
            "aws_iam_role.role_define_auth_challenge"
          ]
        }
      ]
    },
    {
      "mode": "managed",
      "type": "aws_iam_role_policy_attachment",
      "name": "policy_attachment_presignup",
      "provider": "provider[\"registry.terraform.io/hashicorp/aws\"]",
      "instances": [
        {
          "schema_version": 0,
          "attributes": {
            "id": "composable_auth_solution_PreSignup-20240110202510440700000001",
            "policy_arn": "arn:aws:iam::069653090426:policy/composable_auth_solution_aws_policy_presignup",
            "role": "composable_auth_solution_PreSignup"
          },
          "sensitive_attributes": [],
          "private": "bnVsbA==",
          "dependencies": [
            "aws_iam_policy.policy_presignup",
            "aws_iam_role.role_presignup"
          ]
        }
      ]
    },
    {
      "mode": "managed",
      "type": "aws_iam_role_policy_attachment",
      "name": "policy_attachment_verify_auth_challenge",
      "provider": "provider[\"registry.terraform.io/hashicorp/aws\"]",
      "instances": [
        {
          "schema_version": 0,
          "attributes": {
            "id": "composable_auth_solution_verify_auth_challenge-20240111130258138900000001",
            "policy_arn": "arn:aws:iam::069653090426:policy/composable_auth_solution_aws_policy_verify_auth_challenge",
            "role": "composable_auth_solution_verify_auth_challenge"
          },
          "sensitive_attributes": [],
          "private": "bnVsbA==",
          "dependencies": [
            "aws_dynamodb_table.dynamodb_table",
            "aws_iam_policy.policy_verify_auth_challenege",
            "aws_iam_role.role_verify_auth_challenge",
            "aws_kms_alias.composable_solution_auth_kms_alias",
            "aws_kms_key.composable_authentication_solution_kms"
          ]
        }
      ]
    },
    {
      "mode": "managed",
      "type": "aws_kms_alias",
      "name": "composable_solution_auth_kms_alias",
      "provider": "provider[\"registry.terraform.io/hashicorp/aws\"]",
      "instances": [
        {
          "schema_version": 0,
          "attributes": {
            "arn": "arn:aws:kms:us-west-2:069653090426:alias/composable_auth_solution_kms_alias",
            "id": "alias/composable_auth_solution_kms_alias",
            "name": "alias/composable_auth_solution_kms_alias",
            "name_prefix": "",
            "target_key_arn": "arn:aws:kms:us-west-2:069653090426:key/bcee8783-a166-4255-91e6-91ef3f77c185",
            "target_key_id": "bcee8783-a166-4255-91e6-91ef3f77c185"
          },
          "sensitive_attributes": [],
          "private": "bnVsbA==",
          "dependencies": [
            "aws_kms_key.composable_authentication_solution_kms"
          ]
        }
      ]
    },
    {
      "mode": "managed",
      "type": "aws_kms_key",
      "name": "composable_authentication_solution_kms",
      "provider": "provider[\"registry.terraform.io/hashicorp/aws\"]",
      "instances": [
        {
          "schema_version": 0,
          "attributes": {
            "arn": "arn:aws:kms:us-west-2:069653090426:key/bcee8783-a166-4255-91e6-91ef3f77c185",
            "bypass_policy_lockout_safety_check": false,
            "custom_key_store_id": "",
            "customer_master_key_spec": "RSA_2048",
            "deletion_window_in_days": null,
            "description": "composable_auth_solution_KMS_stack",
            "enable_key_rotation": false,
            "id": "bcee8783-a166-4255-91e6-91ef3f77c185",
            "is_enabled": true,
            "key_id": "bcee8783-a166-4255-91e6-91ef3f77c185",
            "key_usage": "SIGN_VERIFY",
            "multi_region": false,
            "policy": "{\"Statement\":[{\"Effect\":\"Allow\",\"NotAction\":\"kms:Sign\",\"Principal\":{\"AWS\":\"arn:aws:iam::069653090426:root\"},\"Resource\":\"*\"},{\"Action\":\"kms:Sign\",\"Condition\":{\"StringLike\":{\"kms:RequestAlias\":\"alias/composable_auth_solution_kms_alias\"}},\"Effect\":\"Allow\",\"Principal\":{\"AWS\":\"arn:aws:iam::069653090426:role/composable_auth_solution_create_auth_challenges\"},\"Resource\":\"arn:aws:kms:us-west-2:069653090426:key/*\"}],\"Version\":\"2008-10-17\"}",
            "tags": {},
            "tags_all": {},
            "timeouts": null
          },
          "sensitive_attributes": [],
          "private": "eyJlMmJmYjczMC1lY2FhLTExZTYtOGY4OC0zNDM2M2JjN2M0YzAiOnsiY3JlYXRlIjoxMjAwMDAwMDAwMDB9fQ=="
        }
      ]
    },
    {
      "mode": "managed",
      "type": "aws_lambda_function",
      "name": "create_auth_challenge",
      "provider": "provider[\"registry.terraform.io/hashicorp/aws\"]",
      "instances": [
        {
          "schema_version": 0,
          "attributes": {
            "architectures": [
              "arm64"
            ],
            "arn": "arn:aws:lambda:us-west-2:069653090426:function:composable_auth_solution_create_auth_challenge",
            "code_signing_config_arn": "",
            "dead_letter_config": [],
            "description": "",
            "environment": [
              {
                "variables": {
                  "ALLOWED_ORIGINS": "http://localhost:5173",
                  "DYNAMODB_SECRETS_TABLE": "arn:aws:dynamodb:us-west-2:069653090426:table/composable_auth_solution_SecretsTablePasswordless",
                  "KMS_KEY_ID": "alias/composable_auth_solution_kms_alias",
                  "MAGIC_LINK_ENABLED": "TRUE",
                  "MIN_SECONDS_BETWEEN": "60",
                  "SECONDS_UNTIL_EXPIRY": "900",
                  "SES_FROM_ADDRESS": "abhishek.sandliya@triconinfotech.com",
                  "SES_REGION": "us-west-2"
                }
              }
            ],
            "ephemeral_storage": [
              {
                "size": 512
              }
            ],
            "file_system_config": [],
            "filename": "./../dist/lambda/create_auth_challenge.zip",
            "function_name": "composable_auth_solution_create_auth_challenge",
            "handler": "create_auth_challenge.handler",
            "id": "composable_auth_solution_create_auth_challenge",
            "image_config": [],
            "image_uri": "",
            "invoke_arn": "arn:aws:apigateway:us-west-2:lambda:path/2015-03-31/functions/arn:aws:lambda:us-west-2:069653090426:function:composable_auth_solution_create_auth_challenge/invocations",
            "kms_key_arn": "",
            "last_modified": "2024-01-11T13:03:09.356+0000",
            "layers": [],
            "memory_size": 128,
            "package_type": "Zip",
            "publish": false,
            "qualified_arn": "arn:aws:lambda:us-west-2:069653090426:function:composable_auth_solution_create_auth_challenge:$LATEST",
            "qualified_invoke_arn": "arn:aws:apigateway:us-west-2:lambda:path/2015-03-31/functions/arn:aws:lambda:us-west-2:069653090426:function:composable_auth_solution_create_auth_challenge:$LATEST/invocations",
            "replace_security_groups_on_destroy": null,
            "replacement_security_group_ids": null,
            "reserved_concurrent_executions": -1,
            "role": "arn:aws:iam::069653090426:role/composable_auth_solution_create_auth_challenges",
            "runtime": "nodejs18.x",
            "s3_bucket": null,
            "s3_key": null,
            "s3_object_version": null,
            "signing_job_arn": "",
            "signing_profile_version_arn": "",
            "skip_destroy": false,
            "snap_start": [],
            "source_code_hash": "ZlGu6n8/sh4EYUtrxxGYbU9ye4p76j0h7Iq8DxStx6g=",
            "source_code_size": 1056,
            "tags": {},
            "tags_all": {},
            "timeout": 5,
            "timeouts": null,
            "tracing_config": [
              {
                "mode": "PassThrough"
              }
            ],
            "version": "$LATEST",
            "vpc_config": []
          },
          "sensitive_attributes": [],
          "private": "eyJlMmJmYjczMC1lY2FhLTExZTYtOGY4OC0zNDM2M2JjN2M0YzAiOnsiY3JlYXRlIjo2MDAwMDAwMDAwMDAsImRlbGV0ZSI6NjAwMDAwMDAwMDAwLCJ1cGRhdGUiOjYwMDAwMDAwMDAwMH19",
          "dependencies": [
            "aws_dynamodb_table.dynamodb_table",
            "aws_iam_policy.policy_create_auth_challenge",
            "aws_iam_role.role_create_auth_challenge",
            "aws_iam_role_policy_attachment.policy_attachment_create_auth_challenge",
            "aws_kms_alias.composable_solution_auth_kms_alias",
            "aws_kms_key.composable_authentication_solution_kms",
            "data.archive_file.create_auth_challenge",
            "data.aws_caller_identity.current",
            "data.aws_region.current"
          ]
        }
      ]
    },
    {
      "mode": "managed",
      "type": "aws_lambda_function",
      "name": "define_auth_challenge",
      "provider": "provider[\"registry.terraform.io/hashicorp/aws\"]",
      "instances": [
        {
          "schema_version": 0,
          "attributes": {
            "architectures": [
              "arm64"
            ],
            "arn": "arn:aws:lambda:us-west-2:069653090426:function:composable_auth_solution_define_auth_challenge",
            "code_signing_config_arn": "",
            "dead_letter_config": [],
            "description": "",
            "environment": [
              {
                "variables": {
                  "LOG_LEVEL": "DEBUG"
                }
              }
            ],
            "ephemeral_storage": [
              {
                "size": 512
              }
            ],
            "file_system_config": [],
            "filename": "./../dist/lambda/define-auth-challenge.zip",
            "function_name": "composable_auth_solution_define_auth_challenge",
            "handler": "define-auth-challenge.handler",
            "id": "composable_auth_solution_define_auth_challenge",
            "image_config": [],
            "image_uri": "",
            "invoke_arn": "arn:aws:apigateway:us-west-2:lambda:path/2015-03-31/functions/arn:aws:lambda:us-west-2:069653090426:function:composable_auth_solution_define_auth_challenge/invocations",
            "kms_key_arn": "",
            "last_modified": "2024-01-11T13:03:09.358+0000",
            "layers": [],
            "memory_size": 128,
            "package_type": "Zip",
            "publish": false,
            "qualified_arn": "arn:aws:lambda:us-west-2:069653090426:function:composable_auth_solution_define_auth_challenge:$LATEST",
            "qualified_invoke_arn": "arn:aws:apigateway:us-west-2:lambda:path/2015-03-31/functions/arn:aws:lambda:us-west-2:069653090426:function:composable_auth_solution_define_auth_challenge:$LATEST/invocations",
            "replace_security_groups_on_destroy": null,
            "replacement_security_group_ids": null,
            "reserved_concurrent_executions": -1,
            "role": "arn:aws:iam::069653090426:role/composable_auth_solution_define_auth_challenge",
            "runtime": "nodejs18.x",
            "s3_bucket": null,
            "s3_key": null,
            "s3_object_version": null,
            "signing_job_arn": "",
            "signing_profile_version_arn": "",
            "skip_destroy": false,
            "snap_start": [],
            "source_code_hash": "AGoWYfbKNaINqz6k6nnMijfZV4wO4O3979Lm8yV0PPo=",
            "source_code_size": 1463,
            "tags": {},
            "tags_all": {},
            "timeout": 5,
            "timeouts": null,
            "tracing_config": [
              {
                "mode": "PassThrough"
              }
            ],
            "version": "$LATEST",
            "vpc_config": []
          },
          "sensitive_attributes": [],
          "private": "eyJlMmJmYjczMC1lY2FhLTExZTYtOGY4OC0zNDM2M2JjN2M0YzAiOnsiY3JlYXRlIjo2MDAwMDAwMDAwMDAsImRlbGV0ZSI6NjAwMDAwMDAwMDAwLCJ1cGRhdGUiOjYwMDAwMDAwMDAwMH19",
          "dependencies": [
            "aws_iam_policy.policy_define_auth_challenge",
            "aws_iam_role.role_define_auth_challenge",
            "aws_iam_role_policy_attachment.policy_attachment_define_auth_challenge"
          ]
        }
      ]
    },
    {
      "mode": "managed",
      "type": "aws_lambda_function",
      "name": "pre_signup",
      "provider": "provider[\"registry.terraform.io/hashicorp/aws\"]",
      "instances": [
        {
          "schema_version": 0,
          "attributes": {
            "architectures": [
              "arm64"
            ],
            "arn": "arn:aws:lambda:us-west-2:069653090426:function:composable_auth_solution_pre_signup",
            "code_signing_config_arn": "",
            "dead_letter_config": [],
            "description": "",
            "environment": [
              {
                "variables": {
                  "LOG_LEVEL": "DEBUG"
                }
              }
            ],
            "ephemeral_storage": [
              {
                "size": 512
              }
            ],
            "file_system_config": [],
            "filename": "./../dist/lambda/pre-signup.zip",
            "function_name": "composable_auth_solution_pre_signup",
            "handler": "pre-signup.handler",
            "id": "composable_auth_solution_pre_signup",
            "image_config": [],
            "image_uri": "",
            "invoke_arn": "arn:aws:apigateway:us-west-2:lambda:path/2015-03-31/functions/arn:aws:lambda:us-west-2:069653090426:function:composable_auth_solution_pre_signup/invocations",
            "kms_key_arn": "",
            "last_modified": "2024-01-12T04:41:27.000+0000",
            "layers": [],
            "memory_size": 128,
            "package_type": "Zip",
            "publish": false,
            "qualified_arn": "arn:aws:lambda:us-west-2:069653090426:function:composable_auth_solution_pre_signup:$LATEST",
            "qualified_invoke_arn": "arn:aws:apigateway:us-west-2:lambda:path/2015-03-31/functions/arn:aws:lambda:us-west-2:069653090426:function:composable_auth_solution_pre_signup:$LATEST/invocations",
            "replace_security_groups_on_destroy": null,
            "replacement_security_group_ids": null,
            "reserved_concurrent_executions": -1,
            "role": "arn:aws:iam::069653090426:role/composable_auth_solution_PreSignup",
            "runtime": "nodejs18.x",
            "s3_bucket": null,
            "s3_key": null,
            "s3_object_version": null,
            "signing_job_arn": "",
            "signing_profile_version_arn": "",
            "skip_destroy": false,
            "snap_start": [],
            "source_code_hash": "Zv3j3LubjCwli20chMfAGzsQ2qoeg0IQUUuGI86NJFQ=",
            "source_code_size": 316,
            "tags": {},
            "tags_all": {},
            "timeout": 5,
            "timeouts": null,
            "tracing_config": [
              {
                "mode": "PassThrough"
              }
            ],
            "version": "$LATEST",
            "vpc_config": []
          },
          "sensitive_attributes": [],
          "private": "eyJlMmJmYjczMC1lY2FhLTExZTYtOGY4OC0zNDM2M2JjN2M0YzAiOnsiY3JlYXRlIjo2MDAwMDAwMDAwMDAsImRlbGV0ZSI6NjAwMDAwMDAwMDAwLCJ1cGRhdGUiOjYwMDAwMDAwMDAwMH19",
          "dependencies": [
            "aws_iam_policy.policy_presignup",
            "aws_iam_role.role_presignup",
            "aws_iam_role_policy_attachment.policy_attachment_presignup"
          ]
        }
      ]
    },
    {
      "mode": "managed",
      "type": "aws_lambda_function",
      "name": "verify_auth_challenge_response",
      "provider": "provider[\"registry.terraform.io/hashicorp/aws\"]",
      "instances": [
        {
          "schema_version": 0,
          "attributes": {
            "architectures": [
              "x86_64"
            ],
            "arn": "arn:aws:lambda:us-west-2:069653090426:function:composable_auth_solution_verify_auth_challenge_response",
            "code_signing_config_arn": "",
            "dead_letter_config": [],
            "description": "",
            "environment": [
              {
                "variables": {
                  "ALLOWED_ORIGINS": "http://localhost:5173",
                  "DYNAMODB_SECRETS_TABLE": "arn:aws:dynamodb:us-west-2:069653090426:table/composable_auth_solution_SecretsTablePasswordless",
                  "LOG_LEVEL": "DEBUG",
                  "MAGIC_LINK_ENABLED": "TRUE"
                }
              }
            ],
            "ephemeral_storage": [
              {
                "size": 512
              }
            ],
            "file_system_config": [],
            "filename": "./../dist/lambda/verify_auth_challenge_response.zip",
            "function_name": "composable_auth_solution_verify_auth_challenge_response",
            "handler": "verify_auth_challenge_response.handler",
            "id": "composable_auth_solution_verify_auth_challenge_response",
            "image_config": [],
            "image_uri": "",
            "invoke_arn": "arn:aws:apigateway:us-west-2:lambda:path/2015-03-31/functions/arn:aws:lambda:us-west-2:069653090426:function:composable_auth_solution_verify_auth_challenge_response/invocations",
            "kms_key_arn": "",
            "last_modified": "2024-01-11T13:03:09.358+0000",
            "layers": [],
            "memory_size": 128,
            "package_type": "Zip",
            "publish": false,
            "qualified_arn": "arn:aws:lambda:us-west-2:069653090426:function:composable_auth_solution_verify_auth_challenge_response:$LATEST",
            "qualified_invoke_arn": "arn:aws:apigateway:us-west-2:lambda:path/2015-03-31/functions/arn:aws:lambda:us-west-2:069653090426:function:composable_auth_solution_verify_auth_challenge_response:$LATEST/invocations",
            "replace_security_groups_on_destroy": null,
            "replacement_security_group_ids": null,
            "reserved_concurrent_executions": -1,
            "role": "arn:aws:iam::069653090426:role/composable_auth_solution_verify_auth_challenge",
            "runtime": "nodejs18.x",
            "s3_bucket": null,
            "s3_key": null,
            "s3_object_version": null,
            "signing_job_arn": "",
            "signing_profile_version_arn": "",
            "skip_destroy": false,
            "snap_start": [],
            "source_code_hash": "4Lwtj3RtpxZ9fMUryexiBEU9yXD6/i5onUcHw9PaiB4=",
            "source_code_size": 580,
            "tags": {},
            "tags_all": {},
            "timeout": 3,
            "timeouts": null,
            "tracing_config": [
              {
                "mode": "PassThrough"
              }
            ],
            "version": "$LATEST",
            "vpc_config": []
          },
          "sensitive_attributes": [],
          "private": "eyJlMmJmYjczMC1lY2FhLTExZTYtOGY4OC0zNDM2M2JjN2M0YzAiOnsiY3JlYXRlIjo2MDAwMDAwMDAwMDAsImRlbGV0ZSI6NjAwMDAwMDAwMDAwLCJ1cGRhdGUiOjYwMDAwMDAwMDAwMH19",
          "dependencies": [
            "aws_dynamodb_table.dynamodb_table",
            "aws_iam_policy.policy_verify_auth_challenege",
            "aws_iam_role.role_verify_auth_challenge",
            "aws_iam_role_policy_attachment.policy_attachment_verify_auth_challenge",
            "aws_kms_alias.composable_solution_auth_kms_alias",
            "aws_kms_key.composable_authentication_solution_kms"
          ]
        }
      ]
    },
    {
      "mode": "managed",
      "type": "aws_lambda_permission",
      "name": "resource_policy_create_auth",
      "provider": "provider[\"registry.terraform.io/hashicorp/aws\"]",
      "instances": [
        {
          "schema_version": 0,
          "attributes": {
            "action": "lambda:InvokeFunction",
            "event_source_token": null,
            "function_name": "composable_auth_solution_create_auth_challenge",
            "function_url_auth_type": null,
            "id": "terraform-20240111130308325500000005",
            "principal": "cognito-idp.amazonaws.com",
            "principal_org_id": null,
            "qualifier": "",
            "source_account": null,
            "source_arn": "arn:aws:cognito-idp:us-west-2:069653090426:userpool/us-west-2_OV2auUBRz",
            "statement_id": "terraform-20240111130308325500000005",
            "statement_id_prefix": "terraform-"
          },
          "sensitive_attributes": [],
          "private": "bnVsbA==",
          "dependencies": [
            "aws_cognito_user_pool.composable_auth_user_pool",
            "aws_dynamodb_table.dynamodb_table",
            "aws_iam_policy.policy_create_auth_challenge",
            "aws_iam_policy.policy_define_auth_challenge",
            "aws_iam_policy.policy_presignup",
            "aws_iam_policy.policy_verify_auth_challenege",
            "aws_iam_role.role_create_auth_challenge",
            "aws_iam_role.role_define_auth_challenge",
            "aws_iam_role.role_presignup",
            "aws_iam_role.role_verify_auth_challenge",
            "aws_iam_role_policy_attachment.policy_attachment_create_auth_challenge",
            "aws_iam_role_policy_attachment.policy_attachment_define_auth_challenge",
            "aws_iam_role_policy_attachment.policy_attachment_presignup",
            "aws_iam_role_policy_attachment.policy_attachment_verify_auth_challenge",
            "aws_kms_alias.composable_solution_auth_kms_alias",
            "aws_kms_key.composable_authentication_solution_kms",
            "aws_lambda_function.create_auth_challenge",
            "aws_lambda_function.define_auth_challenge",
            "aws_lambda_function.pre_signup",
            "aws_lambda_function.verify_auth_challenge_response",
            "data.archive_file.create_auth_challenge",
            "data.aws_caller_identity.current",
            "data.aws_region.current"
          ]
        }
      ]
    },
    {
      "mode": "managed",
      "type": "aws_lambda_permission",
      "name": "resource_policy_define_auth",
      "provider": "provider[\"registry.terraform.io/hashicorp/aws\"]",
      "instances": [
        {
          "schema_version": 0,
          "attributes": {
            "action": "lambda:InvokeFunction",
            "event_source_token": null,
            "function_name": "composable_auth_solution_define_auth_challenge",
            "function_url_auth_type": null,
            "id": "terraform-20240111130308324900000003",
            "principal": "cognito-idp.amazonaws.com",
            "principal_org_id": null,
            "qualifier": "",
            "source_account": null,
            "source_arn": "arn:aws:cognito-idp:us-west-2:069653090426:userpool/us-west-2_OV2auUBRz",
            "statement_id": "terraform-20240111130308324900000003",
            "statement_id_prefix": "terraform-"
          },
          "sensitive_attributes": [],
          "private": "bnVsbA==",
          "dependencies": [
            "aws_cognito_user_pool.composable_auth_user_pool",
            "aws_dynamodb_table.dynamodb_table",
            "aws_iam_policy.policy_create_auth_challenge",
            "aws_iam_policy.policy_define_auth_challenge",
            "aws_iam_policy.policy_presignup",
            "aws_iam_policy.policy_verify_auth_challenege",
            "aws_iam_role.role_create_auth_challenge",
            "aws_iam_role.role_define_auth_challenge",
            "aws_iam_role.role_presignup",
            "aws_iam_role.role_verify_auth_challenge",
            "aws_iam_role_policy_attachment.policy_attachment_create_auth_challenge",
            "aws_iam_role_policy_attachment.policy_attachment_define_auth_challenge",
            "aws_iam_role_policy_attachment.policy_attachment_presignup",
            "aws_iam_role_policy_attachment.policy_attachment_verify_auth_challenge",
            "aws_kms_alias.composable_solution_auth_kms_alias",
            "aws_kms_key.composable_authentication_solution_kms",
            "aws_lambda_function.create_auth_challenge",
            "aws_lambda_function.define_auth_challenge",
            "aws_lambda_function.pre_signup",
            "aws_lambda_function.verify_auth_challenge_response",
            "data.archive_file.create_auth_challenge",
            "data.aws_caller_identity.current",
            "data.aws_region.current"
          ]
        }
      ]
    },
    {
      "mode": "managed",
      "type": "aws_lambda_permission",
      "name": "resource_policy_pre_signup",
      "provider": "provider[\"registry.terraform.io/hashicorp/aws\"]",
      "instances": [
        {
          "schema_version": 0,
          "attributes": {
            "action": "lambda:InvokeFunction",
            "event_source_token": null,
            "function_name": "composable_auth_solution_pre_signup",
            "function_url_auth_type": null,
            "id": "terraform-20240111130308325500000004",
            "principal": "cognito-idp.amazonaws.com",
            "principal_org_id": null,
            "qualifier": "",
            "source_account": null,
            "source_arn": "arn:aws:cognito-idp:us-west-2:069653090426:userpool/us-west-2_OV2auUBRz",
            "statement_id": "terraform-20240111130308325500000004",
            "statement_id_prefix": "terraform-"
          },
          "sensitive_attributes": [],
          "private": "bnVsbA==",
          "dependencies": [
            "aws_cognito_user_pool.composable_auth_user_pool",
            "aws_dynamodb_table.dynamodb_table",
            "aws_iam_policy.policy_create_auth_challenge",
            "aws_iam_policy.policy_define_auth_challenge",
            "aws_iam_policy.policy_presignup",
            "aws_iam_policy.policy_verify_auth_challenege",
            "aws_iam_role.role_create_auth_challenge",
            "aws_iam_role.role_define_auth_challenge",
            "aws_iam_role.role_presignup",
            "aws_iam_role.role_verify_auth_challenge",
            "aws_iam_role_policy_attachment.policy_attachment_create_auth_challenge",
            "aws_iam_role_policy_attachment.policy_attachment_define_auth_challenge",
            "aws_iam_role_policy_attachment.policy_attachment_presignup",
            "aws_iam_role_policy_attachment.policy_attachment_verify_auth_challenge",
            "aws_kms_alias.composable_solution_auth_kms_alias",
            "aws_kms_key.composable_authentication_solution_kms",
            "aws_lambda_function.create_auth_challenge",
            "aws_lambda_function.define_auth_challenge",
            "aws_lambda_function.pre_signup",
            "aws_lambda_function.verify_auth_challenge_response",
            "data.archive_file.create_auth_challenge",
            "data.aws_caller_identity.current",
            "data.aws_region.current"
          ]
        }
      ]
    },
    {
      "mode": "managed",
      "type": "aws_lambda_permission",
      "name": "resource_policy_verify_auth",
      "provider": "provider[\"registry.terraform.io/hashicorp/aws\"]",
      "instances": [
        {
          "schema_version": 0,
          "attributes": {
            "action": "lambda:InvokeFunction",
            "event_source_token": null,
            "function_name": "composable_auth_solution_verify_auth_challenge_response",
            "function_url_auth_type": null,
            "id": "terraform-20240111130308324900000002",
            "principal": "cognito-idp.amazonaws.com",
            "principal_org_id": null,
            "qualifier": "",
            "source_account": null,
            "source_arn": "arn:aws:cognito-idp:us-west-2:069653090426:userpool/us-west-2_OV2auUBRz",
            "statement_id": "terraform-20240111130308324900000002",
            "statement_id_prefix": "terraform-"
          },
          "sensitive_attributes": [],
          "private": "bnVsbA==",
          "dependencies": [
            "aws_cognito_user_pool.composable_auth_user_pool",
            "aws_dynamodb_table.dynamodb_table",
            "aws_iam_policy.policy_create_auth_challenge",
            "aws_iam_policy.policy_define_auth_challenge",
            "aws_iam_policy.policy_presignup",
            "aws_iam_policy.policy_verify_auth_challenege",
            "aws_iam_role.role_create_auth_challenge",
            "aws_iam_role.role_define_auth_challenge",
            "aws_iam_role.role_presignup",
            "aws_iam_role.role_verify_auth_challenge",
            "aws_iam_role_policy_attachment.policy_attachment_create_auth_challenge",
            "aws_iam_role_policy_attachment.policy_attachment_define_auth_challenge",
            "aws_iam_role_policy_attachment.policy_attachment_presignup",
            "aws_iam_role_policy_attachment.policy_attachment_verify_auth_challenge",
            "aws_kms_alias.composable_solution_auth_kms_alias",
            "aws_kms_key.composable_authentication_solution_kms",
            "aws_lambda_function.create_auth_challenge",
            "aws_lambda_function.define_auth_challenge",
            "aws_lambda_function.pre_signup",
            "aws_lambda_function.verify_auth_challenge_response",
            "data.archive_file.create_auth_challenge",
            "data.aws_caller_identity.current",
            "data.aws_region.current"
          ]
        }
      ]
    }
  ],
  "check_results": null
}
