{
  "version": 4,
  "terraform_version": "1.6.6",
  "serial": 24,
  "lineage": "82fa50f3-750c-8652-b720-687afb1fff99",
  "outputs": {},
  "resources": [
    {
      "mode": "data",
      "type": "archive_file",
      "name": "add_cognito_user",
      "provider": "provider[\"registry.terraform.io/hashicorp/archive\"]",
      "instances": [
        {
          "schema_version": 0,
          "attributes": {
            "exclude_symlink_directories": null,
            "excludes": null,
            "id": "c2f35a2c4d1d65382910d5ddf45a07ee7af27137",
            "output_base64sha256": "uY+E7xV6H3OZhMXj90Kh/z3kJ6M3U1dqYJXGzAKct38=",
            "output_base64sha512": "0yBKqoYzmSg/Yl8L6lcZlO68jgDd7Imjxnyr2Kw5g6OM82Pz58mNvetm30t58y41wB3znXOuiUTogo9siFOVkA==",
            "output_file_mode": null,
            "output_md5": "8821177536c7a7e724082f36d798806a",
            "output_path": "./../dist/lambda/create_user.zip",
            "output_sha": "c2f35a2c4d1d65382910d5ddf45a07ee7af27137",
            "output_sha256": "b98f84ef157a1f739984c5e3f742a1ff3de427a33753576a6095c6cc029cb77f",
            "output_sha512": "d3204aaa863399283f625f0bea571994eebc8e00ddec89a3c67cabd8ac3983a38cf363f3e7c98dbdeb66df4b79f32e35c01df39d73ae8944e8828f6c88539590",
            "output_size": 1194,
            "source": [],
            "source_content": null,
            "source_content_filename": null,
            "source_dir": null,
            "source_file": "./../dist/service/custom-auth/create-user/index.mjs",
            "type": "zip"
          },
          "sensitive_attributes": []
        }
      ]
    },
    {
      "mode": "data",
      "type": "archive_file",
      "name": "create_auth_challenge",
      "provider": "provider[\"registry.terraform.io/hashicorp/archive\"]",
      "instances": [
        {
          "schema_version": 0,
          "attributes": {
            "exclude_symlink_directories": null,
            "excludes": null,
            "id": "d368e721c57f3e3aad117c91af4b2984aa69f792",
            "output_base64sha256": "8Ma3CuHD82OObsy6MZWqOBRXrynnfl0Id/tQMVEbDmA=",
            "output_base64sha512": "10ogX1kYMYnnlLZTTBtWDuV6ahrbDl9LcsDZHg11Hu7LYgsGKaIlsa2N4S8G7HvEFg64sMnrdzSQgD/aGCkY3w==",
            "output_file_mode": null,
            "output_md5": "da737f4b90cc1153125ae54ba4d488f9",
            "output_path": "./../dist/lambda/create_auth_challenge.zip",
            "output_sha": "d368e721c57f3e3aad117c91af4b2984aa69f792",
            "output_sha256": "f0c6b70ae1c3f3638e6eccba3195aa381457af29e77e5d0877fb5031511b0e60",
            "output_sha512": "d74a205f59183189e794b6534c1b560ee57a6a1adb0e5f4b72c0d91e0d751eeecb620b0629a225b1ad8de12f06ec7bc4160eb8b0c9eb773490803fda182918df",
            "output_size": 3754,
            "source": [],
            "source_content": null,
            "source_content_filename": null,
            "source_dir": null,
            "source_file": "./../dist/service/custom-auth/create-auth-challenge/index.mjs",
            "type": "zip"
          },
          "sensitive_attributes": []
        }
      ]
    },
    {
      "mode": "data",
      "type": "archive_file",
      "name": "define_auth_challenge",
      "provider": "provider[\"registry.terraform.io/hashicorp/archive\"]",
      "instances": [
        {
          "schema_version": 0,
          "attributes": {
            "exclude_symlink_directories": null,
            "excludes": null,
            "id": "a0dacfb2d3bb3c8aec8c2f54200a6afeb89d8391",
            "output_base64sha256": "v3JeD1mFGHl2qQa+Z+Mbl6p2O0KhYQy5timI6VlVlyE=",
            "output_base64sha512": "VLAfLecGo35bAWpmazBGwDOw1q8n2kzoNHEksLbrpLVMBtL+l66tWkJuCSFFxbkUsmLaTa122eEhlPSG7Zvqrw==",
            "output_file_mode": null,
            "output_md5": "f57c9a60faf0d50f4962e13c9c230471",
            "output_path": "./../dist/lambda/define_auth_challenge.zip",
            "output_sha": "a0dacfb2d3bb3c8aec8c2f54200a6afeb89d8391",
            "output_sha256": "bf725e0f5985187976a906be67e31b97aa763b42a1610cb9b62988e959559721",
            "output_sha512": "54b01f2de706a37e5b016a666b3046c033b0d6af27da4ce8347124b0b6eba4b54c06d2fe97aead5a426e092145c5b914b262da4dad76d9e12194f486ed9beaaf",
            "output_size": 1380,
            "source": [],
            "source_content": null,
            "source_content_filename": null,
            "source_dir": null,
            "source_file": "./../dist/service/custom-auth/define-auth-challenge/index.mjs",
            "type": "zip"
          },
          "sensitive_attributes": []
        }
      ]
    },
    {
      "mode": "data",
      "type": "archive_file",
      "name": "pre_signup",
      "provider": "provider[\"registry.terraform.io/hashicorp/archive\"]",
      "instances": [
        {
          "schema_version": 0,
          "attributes": {
            "exclude_symlink_directories": null,
            "excludes": null,
            "id": "e94f26ecde235beba2e212d1739830b70edaed32",
            "output_base64sha256": "IOi9vSUkq6v9po3175bDtmWVaUaBRpJG/k1rbvJpkxc=",
            "output_base64sha512": "Nb2zLCtA0vx3Y6bMQZJ2Ju+GvQ296HbwjX+hnWcwl3AaiW99qS4IwE6+8MAliTwLGJWvZZk1GIvzXKYQ45HsYA==",
            "output_file_mode": null,
            "output_md5": "66859edb365fc3be6fe0b5c73621a941",
            "output_path": "./../dist/lambda/pre_signup.zip",
            "output_sha": "e94f26ecde235beba2e212d1739830b70edaed32",
            "output_sha256": "20e8bdbd2524ababfda68df5ef96c3b66595694681469246fe4d6b6ef2699317",
            "output_sha512": "35bdb32c2b40d2fc7763a6cc41927626ef86bd0dbde876f08d7fa19d673097701a896f7da92e08c04ebef0c025893c0b1895af659935188bf35ca610e391ec60",
            "output_size": 662,
            "source": [],
            "source_content": null,
            "source_content_filename": null,
            "source_dir": null,
            "source_file": "./../dist/service/custom-auth/pre-signup/index.mjs",
            "type": "zip"
          },
          "sensitive_attributes": []
        }
      ]
    },
    {
      "mode": "data",
      "type": "archive_file",
      "name": "verify_auth_challenge_response",
      "provider": "provider[\"registry.terraform.io/hashicorp/archive\"]",
      "instances": [
        {
          "schema_version": 0,
          "attributes": {
            "exclude_symlink_directories": null,
            "excludes": null,
            "id": "e4cc228d50b10c8fd5b451c8eee4745512cf0d17",
            "output_base64sha256": "fpARyQmcrik6Nu0OYnnNeyXlx7uGxbW0qSPlqa4w0Lg=",
            "output_base64sha512": "rGze1HVw6MP0DOcBVpDYiGG4+o1FysYAujAUr8chGgBdBp13AAxLbVDDzfTOrgCYQhEkve0fXhBpkulPGbCqXw==",
            "output_file_mode": null,
            "output_md5": "43d77f4b7173799a13fa8098d6cdfb32",
            "output_path": "./../dist/lambda/verify_auth_challenge_response.zip",
            "output_sha": "e4cc228d50b10c8fd5b451c8eee4745512cf0d17",
            "output_sha256": "7e9011c9099cae293a36ed0e6279cd7b25e5c7bb86c5b5b4a923e5a9ae30d0b8",
            "output_sha512": "ac6cded47570e8c3f40ce7015690d88861b8fa8d45cac600ba3014afc7211a005d069d77000c4b6d50c3cdf4ceae0098421124bded1f5e106992e94f19b0aa5f",
            "output_size": 3752,
            "source": [],
            "source_content": null,
            "source_content_filename": null,
            "source_dir": null,
            "source_file": "./../dist/service/custom-auth/verify-auth-challenge-response/index.mjs",
            "type": "zip"
          },
          "sensitive_attributes": []
        }
      ]
    },
    {
      "mode": "data",
      "type": "aws_caller_identity",
      "name": "current",
      "provider": "provider[\"registry.terraform.io/hashicorp/aws\"]",
      "instances": [
        {
          "schema_version": 0,
          "attributes": {
            "account_id": "596891947105",
            "arn": "arn:aws:iam::596891947105:user/developer",
            "id": "596891947105",
            "user_id": "AIDAYV6MIKBQ3RLGJZHCK"
          },
          "sensitive_attributes": []
        }
      ]
    },
    {
      "mode": "data",
      "type": "aws_region",
      "name": "current",
      "provider": "provider[\"registry.terraform.io/hashicorp/aws\"]",
      "instances": [
        {
          "schema_version": 0,
          "attributes": {
            "description": "US West (Oregon)",
            "endpoint": "ec2.us-west-2.amazonaws.com",
            "id": "us-west-2",
            "name": "us-west-2"
          },
          "sensitive_attributes": []
        }
      ]
    },
    {
      "mode": "managed",
      "type": "aws_api_gateway_deployment",
      "name": "composable_auth_api_gateway_deployment",
      "provider": "provider[\"registry.terraform.io/hashicorp/aws\"]",
      "instances": [
        {
          "schema_version": 0,
          "attributes": {
            "created_date": "2024-01-23T10:08:29Z",
            "description": "",
            "execution_arn": "arn:aws:execute-api:us-west-2:596891947105:bauals9ia9/",
            "id": "4wdebl",
            "invoke_url": "https://bauals9ia9.execute-api.us-west-2.amazonaws.com/",
            "rest_api_id": "bauals9ia9",
            "stage_description": null,
            "stage_name": null,
            "triggers": {
              "redeployment": "2be88ca4242c76e8253ac62474851065032d6833"
            },
            "variables": null
          },
          "sensitive_attributes": [],
          "private": "bnVsbA==",
          "dependencies": [
            "aws_api_gateway_rest_api.composable_auth_api_gateway"
          ],
          "create_before_destroy": true
        }
      ]
    },
    {
      "mode": "managed",
      "type": "aws_api_gateway_integration",
      "name": "integration",
      "provider": "provider[\"registry.terraform.io/hashicorp/aws\"]",
      "instances": [
        {
          "schema_version": 0,
          "attributes": {
            "cache_key_parameters": [],
            "cache_namespace": "32eah2",
            "connection_id": "",
            "connection_type": "INTERNET",
            "content_handling": "",
            "credentials": "",
            "http_method": "POST",
            "id": "agi-bauals9ia9-32eah2-POST",
            "integration_http_method": "POST",
            "passthrough_behavior": "WHEN_NO_MATCH",
            "request_parameters": {},
            "request_templates": {},
            "resource_id": "32eah2",
            "rest_api_id": "bauals9ia9",
            "timeout_milliseconds": 29000,
            "tls_config": [],
            "type": "AWS_PROXY",
            "uri": "arn:aws:apigateway:us-west-2:lambda:path/2015-03-31/functions/arn:aws:lambda:us-west-2:596891947105:function:magicLink-solution_add_cognito_user/invocations"
          },
          "sensitive_attributes": [],
          "private": "bnVsbA==",
          "dependencies": [
            "aws_api_gateway_method.method",
            "aws_api_gateway_resource.resource",
            "aws_api_gateway_rest_api.composable_auth_api_gateway",
            "aws_cognito_user_pool.composable_auth_user_pool",
            "aws_dynamodb_table.dynamodb_table",
            "aws_iam_policy.policy_add_cognito_user",
            "aws_iam_policy.policy_create_auth_challenge",
            "aws_iam_policy.policy_define_auth_challenge",
            "aws_iam_policy.policy_presignup",
            "aws_iam_policy.policy_verify_auth_challenege",
            "aws_iam_role.role_add_cognito_user",
            "aws_iam_role.role_create_auth_challenge",
            "aws_iam_role.role_define_auth_challenge",
            "aws_iam_role.role_presignup",
            "aws_iam_role.role_verify_auth_challenge",
            "aws_iam_role_policy_attachment.policy_attachment_add_cognito_user",
            "aws_iam_role_policy_attachment.policy_attachment_create_auth_challenge",
            "aws_iam_role_policy_attachment.policy_attachment_define_auth_challenge",
            "aws_iam_role_policy_attachment.policy_attachment_presignup",
            "aws_iam_role_policy_attachment.policy_attachment_verify_auth_challenge",
            "aws_kms_alias.composable_solution_auth_kms_alias",
            "aws_kms_key.composable_authentication_solution_kms",
            "aws_lambda_function.add_cognito_user",
            "aws_lambda_function.create_auth_challenge",
            "aws_lambda_function.define_auth_challenge",
            "aws_lambda_function.pre_signup",
            "aws_lambda_function.verify_auth_challenge_response",
            "data.archive_file.add_cognito_user",
            "data.archive_file.create_auth_challenge",
            "data.archive_file.define_auth_challenge",
            "data.archive_file.pre_signup",
            "data.archive_file.verify_auth_challenge_response",
            "data.aws_caller_identity.current",
            "data.aws_region.current"
          ]
        }
      ]
    },
    {
      "mode": "managed",
      "type": "aws_api_gateway_method",
      "name": "method",
      "provider": "provider[\"registry.terraform.io/hashicorp/aws\"]",
      "instances": [
        {
          "schema_version": 0,
          "attributes": {
            "api_key_required": false,
            "authorization": "NONE",
            "authorization_scopes": [],
            "authorizer_id": "",
            "http_method": "POST",
            "id": "agm-bauals9ia9-32eah2-POST",
            "operation_name": "",
            "request_models": {},
            "request_parameters": {},
            "request_validator_id": "",
            "resource_id": "32eah2",
            "rest_api_id": "bauals9ia9"
          },
          "sensitive_attributes": [],
          "private": "bnVsbA==",
          "dependencies": [
            "aws_api_gateway_resource.resource",
            "aws_api_gateway_rest_api.composable_auth_api_gateway"
          ]
        }
      ]
    },
    {
      "mode": "managed",
      "type": "aws_api_gateway_resource",
      "name": "resource",
      "provider": "provider[\"registry.terraform.io/hashicorp/aws\"]",
      "instances": [
        {
          "schema_version": 0,
          "attributes": {
            "id": "32eah2",
            "parent_id": "ofjfq9cln0",
            "path": "/add-user",
            "path_part": "add-user",
            "rest_api_id": "bauals9ia9"
          },
          "sensitive_attributes": [],
          "private": "bnVsbA==",
          "dependencies": [
            "aws_api_gateway_rest_api.composable_auth_api_gateway"
          ]
        }
      ]
    },
    {
      "mode": "managed",
      "type": "aws_api_gateway_rest_api",
      "name": "composable_auth_api_gateway",
      "provider": "provider[\"registry.terraform.io/hashicorp/aws\"]",
      "instances": [
        {
          "schema_version": 0,
          "attributes": {
            "api_key_source": "HEADER",
            "arn": "arn:aws:apigateway:us-west-2::/restapis/bauals9ia9",
            "binary_media_types": [],
            "body": null,
            "created_date": "2024-01-23T09:49:52Z",
            "description": "",
            "disable_execute_api_endpoint": false,
            "endpoint_configuration": [
              {
                "types": [
                  "EDGE"
                ],
                "vpc_endpoint_ids": []
              }
            ],
            "execution_arn": "arn:aws:execute-api:us-west-2:596891947105:bauals9ia9",
            "fail_on_warnings": null,
            "id": "bauals9ia9",
            "minimum_compression_size": "",
            "name": "magicLink-solution_composable_auth_api_gateway",
            "parameters": null,
            "policy": "",
            "put_rest_api_mode": null,
            "root_resource_id": "ofjfq9cln0",
            "tags": {},
            "tags_all": {}
          },
          "sensitive_attributes": [],
          "private": "bnVsbA==",
          "create_before_destroy": true
        }
      ]
    },
    {
      "mode": "managed",
      "type": "aws_api_gateway_stage",
      "name": "example",
      "provider": "provider[\"registry.terraform.io/hashicorp/aws\"]",
      "instances": [
        {
          "schema_version": 0,
          "attributes": {
            "access_log_settings": [],
            "arn": "arn:aws:apigateway:us-west-2::/restapis/bauals9ia9/stages/dev",
            "cache_cluster_enabled": false,
            "cache_cluster_size": "",
            "canary_settings": [],
            "client_certificate_id": "",
            "deployment_id": "4wdebl",
            "description": "",
            "documentation_version": "",
            "execution_arn": "arn:aws:execute-api:us-west-2:596891947105:bauals9ia9/dev",
            "id": "ags-bauals9ia9-dev",
            "invoke_url": "https://bauals9ia9.execute-api.us-west-2.amazonaws.com/dev",
            "rest_api_id": "bauals9ia9",
            "stage_name": "dev",
            "tags": {},
            "tags_all": {},
            "variables": {},
            "web_acl_arn": "",
            "xray_tracing_enabled": false
          },
          "sensitive_attributes": [],
          "private": "bnVsbA==",
          "dependencies": [
            "aws_api_gateway_deployment.composable_auth_api_gateway_deployment",
            "aws_api_gateway_rest_api.composable_auth_api_gateway"
          ]
        }
      ]
    },
    {
      "mode": "managed",
      "type": "aws_cognito_user_pool",
      "name": "composable_auth_user_pool",
      "provider": "provider[\"registry.terraform.io/hashicorp/aws\"]",
      "instances": [
        {
          "schema_version": 0,
          "attributes": {
            "account_recovery_setting": [
              {
                "recovery_mechanism": [
                  {
                    "name": "verified_email",
                    "priority": 1
                  }
                ]
              }
            ],
            "admin_create_user_config": [
              {
                "allow_admin_create_user_only": false,
                "invite_message_template": []
              }
            ],
            "alias_attributes": null,
            "arn": "arn:aws:cognito-idp:us-west-2:596891947105:userpool/us-west-2_Vh8KYdMOY",
            "auto_verified_attributes": [],
            "creation_date": "2024-01-23T09:55:54Z",
            "custom_domain": "",
            "deletion_protection": "INACTIVE",
            "device_configuration": [],
            "domain": "",
            "email_configuration": [
              {
                "configuration_set": "",
                "email_sending_account": "COGNITO_DEFAULT",
                "from_email_address": "",
                "reply_to_email_address": "",
                "source_arn": ""
              }
            ],
            "email_verification_message": "",
            "email_verification_subject": "",
            "endpoint": "cognito-idp.us-west-2.amazonaws.com/us-west-2_Vh8KYdMOY",
            "estimated_number_of_users": 7,
            "id": "us-west-2_Vh8KYdMOY",
            "lambda_config": [
              {
                "create_auth_challenge": "arn:aws:lambda:us-west-2:596891947105:function:magicLink-solution_create_auth_challenge",
                "custom_email_sender": [],
                "custom_message": "",
                "custom_sms_sender": [],
                "define_auth_challenge": "arn:aws:lambda:us-west-2:596891947105:function:magicLink-solution_define_auth_challenge",
                "kms_key_id": "",
                "post_authentication": "",
                "post_confirmation": "",
                "pre_authentication": "",
                "pre_sign_up": "arn:aws:lambda:us-west-2:596891947105:function:magicLink-solution_pre_signup",
                "pre_token_generation": "",
                "user_migration": "",
                "verify_auth_challenge_response": "arn:aws:lambda:us-west-2:596891947105:function:magicLink-solution_verify_auth_challenge_response"
              }
            ],
            "last_modified_date": "2024-01-23T09:55:54Z",
            "mfa_configuration": "OFF",
            "name": "magicLink-solution_user_pool",
            "password_policy": [
              {
                "minimum_length": 8,
                "require_lowercase": true,
                "require_numbers": true,
                "require_symbols": true,
                "require_uppercase": true,
                "temporary_password_validity_days": 7
              }
            ],
            "schema": [
              {
                "attribute_data_type": "String",
                "developer_only_attribute": false,
                "mutable": true,
                "name": "email",
                "number_attribute_constraints": [],
                "required": true,
                "string_attribute_constraints": []
              }
            ],
            "sms_authentication_message": "",
            "sms_configuration": [],
            "sms_verification_message": "",
            "software_token_mfa_configuration": [],
            "tags": {},
            "tags_all": {},
            "user_attribute_update_settings": [],
            "user_pool_add_ons": [],
            "username_attributes": [
              "email"
            ],
            "username_configuration": [],
            "verification_message_template": [
              {
                "default_email_option": "CONFIRM_WITH_CODE",
                "email_message": "",
                "email_message_by_link": "",
                "email_subject": "",
                "email_subject_by_link": "",
                "sms_message": ""
              }
            ]
          },
          "sensitive_attributes": [],
          "private": "bnVsbA==",
          "dependencies": [
            "aws_dynamodb_table.dynamodb_table",
            "aws_iam_policy.policy_create_auth_challenge",
            "aws_iam_policy.policy_define_auth_challenge",
            "aws_iam_policy.policy_presignup",
            "aws_iam_policy.policy_verify_auth_challenege",
            "aws_iam_role.role_create_auth_challenge",
            "aws_iam_role.role_define_auth_challenge",
            "aws_iam_role.role_presignup",
            "aws_iam_role.role_verify_auth_challenge",
            "aws_iam_role_policy_attachment.policy_attachment_create_auth_challenge",
            "aws_iam_role_policy_attachment.policy_attachment_define_auth_challenge",
            "aws_iam_role_policy_attachment.policy_attachment_presignup",
            "aws_iam_role_policy_attachment.policy_attachment_verify_auth_challenge",
            "aws_kms_alias.composable_solution_auth_kms_alias",
            "aws_kms_key.composable_authentication_solution_kms",
            "aws_lambda_function.create_auth_challenge",
            "aws_lambda_function.define_auth_challenge",
            "aws_lambda_function.pre_signup",
            "aws_lambda_function.verify_auth_challenge_response",
            "data.archive_file.create_auth_challenge",
            "data.archive_file.define_auth_challenge",
            "data.archive_file.pre_signup",
            "data.archive_file.verify_auth_challenge_response",
            "data.aws_caller_identity.current",
            "data.aws_region.current"
          ]
        }
      ]
    },
    {
      "mode": "managed",
      "type": "aws_cognito_user_pool_client",
      "name": "composable_auth_user_pool_client",
      "provider": "provider[\"registry.terraform.io/hashicorp/aws\"]",
      "instances": [
        {
          "schema_version": 0,
          "attributes": {
            "access_token_validity": 5,
            "allowed_oauth_flows": [],
            "allowed_oauth_flows_user_pool_client": false,
            "allowed_oauth_scopes": [],
            "analytics_configuration": [],
            "auth_session_validity": 3,
            "callback_urls": [],
            "client_secret": "",
            "default_redirect_uri": "",
            "enable_propagate_additional_user_context_data": false,
            "enable_token_revocation": true,
            "explicit_auth_flows": [
              "ALLOW_ADMIN_USER_PASSWORD_AUTH",
              "ALLOW_CUSTOM_AUTH",
              "ALLOW_REFRESH_TOKEN_AUTH",
              "ALLOW_USER_PASSWORD_AUTH",
              "ALLOW_USER_SRP_AUTH"
            ],
            "generate_secret": null,
            "id": "3sqairk9hhh64tr3c1re7ucchb",
            "id_token_validity": 5,
            "logout_urls": [],
            "name": "ui-end-client",
            "prevent_user_existence_errors": "",
            "read_attributes": [],
            "refresh_token_validity": 60,
            "supported_identity_providers": [],
            "token_validity_units": [
              {
                "access_token": "minutes",
                "id_token": "minutes",
                "refresh_token": "minutes"
              }
            ],
            "user_pool_id": "us-west-2_Vh8KYdMOY",
            "write_attributes": []
          },
          "sensitive_attributes": [],
          "dependencies": [
            "aws_cognito_user_pool.composable_auth_user_pool",
            "aws_dynamodb_table.dynamodb_table",
            "aws_iam_policy.policy_create_auth_challenge",
            "aws_iam_policy.policy_define_auth_challenge",
            "aws_iam_policy.policy_presignup",
            "aws_iam_policy.policy_verify_auth_challenege",
            "aws_iam_role.role_create_auth_challenge",
            "aws_iam_role.role_define_auth_challenge",
            "aws_iam_role.role_presignup",
            "aws_iam_role.role_verify_auth_challenge",
            "aws_iam_role_policy_attachment.policy_attachment_create_auth_challenge",
            "aws_iam_role_policy_attachment.policy_attachment_define_auth_challenge",
            "aws_iam_role_policy_attachment.policy_attachment_presignup",
            "aws_iam_role_policy_attachment.policy_attachment_verify_auth_challenge",
            "aws_kms_alias.composable_solution_auth_kms_alias",
            "aws_kms_key.composable_authentication_solution_kms",
            "aws_lambda_function.create_auth_challenge",
            "aws_lambda_function.define_auth_challenge",
            "aws_lambda_function.pre_signup",
            "aws_lambda_function.verify_auth_challenge_response",
            "data.archive_file.create_auth_challenge",
            "data.archive_file.define_auth_challenge",
            "data.archive_file.pre_signup",
            "data.archive_file.verify_auth_challenge_response",
            "data.aws_caller_identity.current",
            "data.aws_region.current"
          ]
        }
      ]
    },
    {
      "mode": "managed",
      "type": "aws_dynamodb_table",
      "name": "dynamodb_table",
      "provider": "provider[\"registry.terraform.io/hashicorp/aws\"]",
      "instances": [
        {
          "schema_version": 1,
          "attributes": {
            "arn": "arn:aws:dynamodb:us-west-2:596891947105:table/magicLink-solution_SecretsTablePasswordless",
            "attribute": [
              {
                "name": "userNameHash",
                "type": "B"
              }
            ],
            "billing_mode": "PAY_PER_REQUEST",
            "deletion_protection_enabled": false,
            "global_secondary_index": [],
            "hash_key": "userNameHash",
            "id": "magicLink-solution_SecretsTablePasswordless",
            "import_table": [],
            "local_secondary_index": [],
            "name": "magicLink-solution_SecretsTablePasswordless",
            "point_in_time_recovery": [
              {
                "enabled": false
              }
            ],
            "range_key": null,
            "read_capacity": 0,
            "replica": [],
            "restore_date_time": null,
            "restore_source_name": null,
            "restore_to_latest_time": null,
            "server_side_encryption": [],
            "stream_arn": "",
            "stream_enabled": false,
            "stream_label": "",
            "stream_view_type": "",
            "table_class": "STANDARD",
            "tags": {},
            "tags_all": {},
            "timeouts": null,
            "ttl": [
              {
                "attribute_name": "exp",
                "enabled": true
              }
            ],
            "write_capacity": 0
          },
          "sensitive_attributes": [],
          "private": "eyJlMmJmYjczMC1lY2FhLTExZTYtOGY4OC0zNDM2M2JjN2M0YzAiOnsiY3JlYXRlIjoxODAwMDAwMDAwMDAwLCJkZWxldGUiOjYwMDAwMDAwMDAwMCwidXBkYXRlIjozNjAwMDAwMDAwMDAwfSwic2NoZW1hX3ZlcnNpb24iOiIxIn0="
        }
      ]
    },
    {
      "mode": "managed",
      "type": "aws_iam_policy",
      "name": "policy_add_cognito_user",
      "provider": "provider[\"registry.terraform.io/hashicorp/aws\"]",
      "instances": [
        {
          "schema_version": 0,
          "attributes": {
            "arn": "arn:aws:iam::596891947105:policy/magicLink-solution_aws_policy_add_cognito_user",
            "description": "AWS IAM Policy for managing AWS Lambda role",
            "id": "arn:aws:iam::596891947105:policy/magicLink-solution_aws_policy_add_cognito_user",
            "name": "magicLink-solution_aws_policy_add_cognito_user",
            "name_prefix": "",
            "path": "/",
            "policy": "{\"Statement\":[{\"Action\":[\"logs:CreateLogGroup\",\"logs:CreateLogStream\",\"logs:PutLogEvents\"],\"Effect\":\"Allow\",\"Resource\":\"*\"},{\"Action\":[\"cognito-idp:GetUser\",\"cognito-idp:ListUserPools\",\"cognito-idp:AdminGetUser\",\"cognito-idp:AdminCreateUser\",\"cognito-idp:ListUsers\"],\"Effect\":\"Allow\",\"Resource\":[\"arn:aws:cognito-idp:us-west-2:596891947105:userpool/us-west-2_Vh8KYdMOY\"],\"Sid\":\"Statement1\"}],\"Version\":\"2012-10-17\"}",
            "policy_id": "ANPAYV6MIKBQSP576EYSP",
            "tags": {},
            "tags_all": {}
          },
          "sensitive_attributes": [],
          "private": "bnVsbA==",
          "dependencies": [
            "aws_cognito_user_pool.composable_auth_user_pool",
            "aws_dynamodb_table.dynamodb_table",
            "aws_iam_policy.policy_create_auth_challenge",
            "aws_iam_policy.policy_define_auth_challenge",
            "aws_iam_policy.policy_presignup",
            "aws_iam_policy.policy_verify_auth_challenege",
            "aws_iam_role.role_create_auth_challenge",
            "aws_iam_role.role_define_auth_challenge",
            "aws_iam_role.role_presignup",
            "aws_iam_role.role_verify_auth_challenge",
            "aws_iam_role_policy_attachment.policy_attachment_create_auth_challenge",
            "aws_iam_role_policy_attachment.policy_attachment_define_auth_challenge",
            "aws_iam_role_policy_attachment.policy_attachment_presignup",
            "aws_iam_role_policy_attachment.policy_attachment_verify_auth_challenge",
            "aws_kms_alias.composable_solution_auth_kms_alias",
            "aws_kms_key.composable_authentication_solution_kms",
            "aws_lambda_function.create_auth_challenge",
            "aws_lambda_function.define_auth_challenge",
            "aws_lambda_function.pre_signup",
            "aws_lambda_function.verify_auth_challenge_response",
            "data.archive_file.create_auth_challenge",
            "data.archive_file.define_auth_challenge",
            "data.archive_file.pre_signup",
            "data.archive_file.verify_auth_challenge_response",
            "data.aws_caller_identity.current",
            "data.aws_region.current"
          ]
        }
      ]
    },
    {
      "mode": "managed",
      "type": "aws_iam_policy",
      "name": "policy_create_auth_challenge",
      "provider": "provider[\"registry.terraform.io/hashicorp/aws\"]",
      "instances": [
        {
          "schema_version": 0,
          "attributes": {
            "arn": "arn:aws:iam::596891947105:policy/magicLink-solution_aws_policy_create_auth_challenge",
            "description": "AWS IAM Policy for managing AWS Lambda role",
            "id": "arn:aws:iam::596891947105:policy/magicLink-solution_aws_policy_create_auth_challenge",
            "name": "magicLink-solution_aws_policy_create_auth_challenge",
            "name_prefix": "",
            "path": "/",
            "policy": "{\"Statement\":[{\"Action\":[\"logs:CreateLogGroup\",\"logs:CreateLogStream\",\"logs:PutLogEvents\"],\"Effect\":\"Allow\",\"Resource\":\"*\"},{\"Action\":[\"dynamodb:BatchGetItem\",\"dynamodb:BatchWriteItem\",\"dynamodb:ConditionCheckItem\",\"dynamodb:DeleteItem\",\"dynamodb:DescribeTable\",\"dynamodb:GetItem\",\"dynamodb:GetRecords\",\"dynamodb:GetShardIterator\",\"dynamodb:PutItem\",\"dynamodb:Query\",\"dynamodb:Scan\",\"dynamodb:UpdateItem\"],\"Effect\":\"Allow\",\"Resource\":[\"arn:aws:dynamodb:us-west-2:596891947105:table/magicLink-solution_SecretsTablePasswordless\"]},{\"Action\":\"ses:SendEmail\",\"Effect\":\"Allow\",\"Resource\":\"arn:aws:ses:us-west-2:596891947105:identity/*\"},{\"Action\":\"kms:Sign\",\"Condition\":{\"StringLike\":{\"kms:RequestAlias\":\"alias/magicLink-solution_kms_alias\"}},\"Effect\":\"Allow\",\"Resource\":\"arn:aws:kms:us-west-2:596891947105:key/*\"}],\"Version\":\"2012-10-17\"}",
            "policy_id": "ANPAYV6MIKBQZ7ODL6W7S",
            "tags": {},
            "tags_all": {}
          },
          "sensitive_attributes": [],
          "private": "bnVsbA==",
          "dependencies": [
            "aws_dynamodb_table.dynamodb_table",
            "aws_kms_alias.composable_solution_auth_kms_alias",
            "aws_kms_key.composable_authentication_solution_kms",
            "data.aws_caller_identity.current",
            "data.aws_region.current"
          ]
        }
      ]
    },
    {
      "mode": "managed",
      "type": "aws_iam_policy",
      "name": "policy_define_auth_challenge",
      "provider": "provider[\"registry.terraform.io/hashicorp/aws\"]",
      "instances": [
        {
          "schema_version": 0,
          "attributes": {
            "arn": "arn:aws:iam::596891947105:policy/magicLink-solution_aws_policy_define_auth_challenges",
            "description": "AWS IAM Policy for managing AWS Lambda role",
            "id": "arn:aws:iam::596891947105:policy/magicLink-solution_aws_policy_define_auth_challenges",
            "name": "magicLink-solution_aws_policy_define_auth_challenges",
            "name_prefix": "",
            "path": "/",
            "policy": "{\"Statement\":[{\"Action\":[\"logs:CreateLogGroup\",\"logs:CreateLogStream\",\"logs:PutLogEvents\"],\"Effect\":\"Allow\",\"Resource\":\"*\"}],\"Version\":\"2012-10-17\"}",
            "policy_id": "ANPAYV6MIKBQYBAP6TPCM",
            "tags": {},
            "tags_all": {}
          },
          "sensitive_attributes": [],
          "private": "bnVsbA=="
        }
      ]
    },
    {
      "mode": "managed",
      "type": "aws_iam_policy",
      "name": "policy_presignup",
      "provider": "provider[\"registry.terraform.io/hashicorp/aws\"]",
      "instances": [
        {
          "schema_version": 0,
          "attributes": {
            "arn": "arn:aws:iam::596891947105:policy/magicLink-solution_aws_policy_presignup",
            "description": "AWS IAM Policy for managing aws lambda role",
            "id": "arn:aws:iam::596891947105:policy/magicLink-solution_aws_policy_presignup",
            "name": "magicLink-solution_aws_policy_presignup",
            "name_prefix": "",
            "path": "/",
            "policy": "{\"Statement\":[{\"Action\":[\"logs:CreateLogGroup\",\"logs:CreateLogStream\",\"logs:PutLogEvents\"],\"Effect\":\"Allow\",\"Resource\":\"*\"}],\"Version\":\"2012-10-17\"}",
            "policy_id": "ANPAYV6MIKBQ3KGNCHWY3",
            "tags": {},
            "tags_all": {}
          },
          "sensitive_attributes": [],
          "private": "bnVsbA=="
        }
      ]
    },
    {
      "mode": "managed",
      "type": "aws_iam_policy",
      "name": "policy_verify_auth_challenege",
      "provider": "provider[\"registry.terraform.io/hashicorp/aws\"]",
      "instances": [
        {
          "schema_version": 0,
          "attributes": {
            "arn": "arn:aws:iam::596891947105:policy/magicLink-solution_aws_policy_verify_auth_challenge",
            "description": "AWS IAM Policy for managing AWS Lambda role",
            "id": "arn:aws:iam::596891947105:policy/magicLink-solution_aws_policy_verify_auth_challenge",
            "name": "magicLink-solution_aws_policy_verify_auth_challenge",
            "name_prefix": "",
            "path": "/",
            "policy": "{\"Statement\":[{\"Action\":[\"logs:CreateLogGroup\",\"logs:CreateLogStream\",\"logs:PutLogEvents\"],\"Effect\":\"Allow\",\"Resource\":\"*\"},{\"Action\":[\"dynamodb:BatchGetItem\",\"dynamodb:BatchWriteItem\",\"dynamodb:ConditionCheckItem\",\"dynamodb:DeleteItem\",\"dynamodb:DescribeTable\",\"dynamodb:GetItem\",\"dynamodb:GetRecords\",\"dynamodb:GetShardIterator\",\"dynamodb:PutItem\",\"dynamodb:Query\",\"dynamodb:Scan\",\"dynamodb:UpdateItem\"],\"Effect\":\"Allow\",\"Resource\":[\"arn:aws:dynamodb:us-west-2:596891947105:table/magicLink-solution_SecretsTablePasswordless\"]},{\"Action\":\"kms:GetPublicKey\",\"Condition\":{\"StringLike\":{\"kms:RequestAlias\":\"alias/magicLink-solution_kms_alias\"}},\"Effect\":\"Allow\",\"Resource\":[\"arn:aws:kms:us-west-2:596891947105:key/8c60e853-8c08-4d33-9272-a8fb66910cbf\"]}],\"Version\":\"2012-10-17\"}",
            "policy_id": "ANPAYV6MIKBQXCT4YWAMG",
            "tags": {},
            "tags_all": {}
          },
          "sensitive_attributes": [],
          "private": "bnVsbA==",
          "dependencies": [
            "aws_dynamodb_table.dynamodb_table",
            "aws_kms_alias.composable_solution_auth_kms_alias",
            "aws_kms_key.composable_authentication_solution_kms"
          ]
        }
      ]
    },
    {
      "mode": "managed",
      "type": "aws_iam_role",
      "name": "role_add_cognito_user",
      "provider": "provider[\"registry.terraform.io/hashicorp/aws\"]",
      "instances": [
        {
          "schema_version": 0,
          "attributes": {
            "arn": "arn:aws:iam::596891947105:role/magicLink-solution_add_cognito_user",
            "assume_role_policy": "{\"Statement\":[{\"Action\":\"sts:AssumeRole\",\"Effect\":\"Allow\",\"Principal\":{\"Service\":\"lambda.amazonaws.com\"},\"Sid\":\"\"}],\"Version\":\"2012-10-17\"}",
            "create_date": "2024-01-23T09:49:51Z",
            "description": "",
            "force_detach_policies": false,
            "id": "magicLink-solution_add_cognito_user",
            "inline_policy": [],
            "managed_policy_arns": [
              "arn:aws:iam::596891947105:policy/magicLink-solution_aws_policy_add_cognito_user"
            ],
            "max_session_duration": 3600,
            "name": "magicLink-solution_add_cognito_user",
            "name_prefix": "",
            "path": "/",
            "permissions_boundary": "",
            "tags": {},
            "tags_all": {},
            "unique_id": "AROAYV6MIKBQZWE3CE7YL"
          },
          "sensitive_attributes": [],
          "private": "bnVsbA=="
        }
      ]
    },
    {
      "mode": "managed",
      "type": "aws_iam_role",
      "name": "role_create_auth_challenge",
      "provider": "provider[\"registry.terraform.io/hashicorp/aws\"]",
      "instances": [
        {
          "schema_version": 0,
          "attributes": {
            "arn": "arn:aws:iam::596891947105:role/magicLink-solution_create_auth_challenges",
            "assume_role_policy": "{\"Statement\":[{\"Action\":\"sts:AssumeRole\",\"Effect\":\"Allow\",\"Principal\":{\"Service\":\"lambda.amazonaws.com\"},\"Sid\":\"\"}],\"Version\":\"2012-10-17\"}",
            "create_date": "2024-01-23T09:49:51Z",
            "description": "",
            "force_detach_policies": false,
            "id": "magicLink-solution_create_auth_challenges",
            "inline_policy": [],
            "managed_policy_arns": [
              "arn:aws:iam::596891947105:policy/magicLink-solution_aws_policy_create_auth_challenge"
            ],
            "max_session_duration": 3600,
            "name": "magicLink-solution_create_auth_challenges",
            "name_prefix": "",
            "path": "/",
            "permissions_boundary": "",
            "tags": {},
            "tags_all": {},
            "unique_id": "AROAYV6MIKBQQERGL5HGA"
          },
          "sensitive_attributes": [],
          "private": "bnVsbA=="
        }
      ]
    },
    {
      "mode": "managed",
      "type": "aws_iam_role",
      "name": "role_define_auth_challenge",
      "provider": "provider[\"registry.terraform.io/hashicorp/aws\"]",
      "instances": [
        {
          "schema_version": 0,
          "attributes": {
            "arn": "arn:aws:iam::596891947105:role/magicLink-solution_define_auth_challenge",
            "assume_role_policy": "{\"Statement\":[{\"Action\":\"sts:AssumeRole\",\"Effect\":\"Allow\",\"Principal\":{\"Service\":\"lambda.amazonaws.com\"},\"Sid\":\"\"}],\"Version\":\"2012-10-17\"}",
            "create_date": "2024-01-23T09:49:51Z",
            "description": "",
            "force_detach_policies": false,
            "id": "magicLink-solution_define_auth_challenge",
            "inline_policy": [],
            "managed_policy_arns": [
              "arn:aws:iam::596891947105:policy/magicLink-solution_aws_policy_define_auth_challenges"
            ],
            "max_session_duration": 3600,
            "name": "magicLink-solution_define_auth_challenge",
            "name_prefix": "",
            "path": "/",
            "permissions_boundary": "",
            "tags": {},
            "tags_all": {},
            "unique_id": "AROAYV6MIKBQXE75LUEP4"
          },
          "sensitive_attributes": [],
          "private": "bnVsbA=="
        }
      ]
    },
    {
      "mode": "managed",
      "type": "aws_iam_role",
      "name": "role_presignup",
      "provider": "provider[\"registry.terraform.io/hashicorp/aws\"]",
      "instances": [
        {
          "schema_version": 0,
          "attributes": {
            "arn": "arn:aws:iam::596891947105:role/magicLink-solution_PreSignup",
            "assume_role_policy": "{\"Statement\":[{\"Action\":\"sts:AssumeRole\",\"Effect\":\"Allow\",\"Principal\":{\"Service\":\"lambda.amazonaws.com\"},\"Sid\":\"\"}],\"Version\":\"2012-10-17\"}",
            "create_date": "2024-01-23T09:49:51Z",
            "description": "",
            "force_detach_policies": false,
            "id": "magicLink-solution_PreSignup",
            "inline_policy": [],
            "managed_policy_arns": [
              "arn:aws:iam::596891947105:policy/magicLink-solution_aws_policy_presignup"
            ],
            "max_session_duration": 3600,
            "name": "magicLink-solution_PreSignup",
            "name_prefix": "",
            "path": "/",
            "permissions_boundary": "",
            "tags": {},
            "tags_all": {},
            "unique_id": "AROAYV6MIKBQ5RAAMQPCJ"
          },
          "sensitive_attributes": [],
          "private": "bnVsbA=="
        }
      ]
    },
    {
      "mode": "managed",
      "type": "aws_iam_role",
      "name": "role_verify_auth_challenge",
      "provider": "provider[\"registry.terraform.io/hashicorp/aws\"]",
      "instances": [
        {
          "schema_version": 0,
          "attributes": {
            "arn": "arn:aws:iam::596891947105:role/magicLink-solution_verify_auth_challenge",
            "assume_role_policy": "{\"Statement\":[{\"Action\":\"sts:AssumeRole\",\"Effect\":\"Allow\",\"Principal\":{\"Service\":\"lambda.amazonaws.com\"},\"Sid\":\"\"}],\"Version\":\"2012-10-17\"}",
            "create_date": "2024-01-23T09:49:51Z",
            "description": "",
            "force_detach_policies": false,
            "id": "magicLink-solution_verify_auth_challenge",
            "inline_policy": [],
            "managed_policy_arns": [
              "arn:aws:iam::596891947105:policy/magicLink-solution_aws_policy_verify_auth_challenge"
            ],
            "max_session_duration": 3600,
            "name": "magicLink-solution_verify_auth_challenge",
            "name_prefix": "",
            "path": "/",
            "permissions_boundary": "",
            "tags": {},
            "tags_all": {},
            "unique_id": "AROAYV6MIKBQVNATXPCQP"
          },
          "sensitive_attributes": [],
          "private": "bnVsbA=="
        }
      ]
    },
    {
      "mode": "managed",
      "type": "aws_iam_role_policy_attachment",
      "name": "policy_attachment_add_cognito_user",
      "provider": "provider[\"registry.terraform.io/hashicorp/aws\"]",
      "instances": [
        {
          "schema_version": 0,
          "attributes": {
            "id": "magicLink-solution_add_cognito_user-20240123095556217100000007",
            "policy_arn": "arn:aws:iam::596891947105:policy/magicLink-solution_aws_policy_add_cognito_user",
            "role": "magicLink-solution_add_cognito_user"
          },
          "sensitive_attributes": [],
          "private": "bnVsbA==",
          "dependencies": [
            "aws_cognito_user_pool.composable_auth_user_pool",
            "aws_dynamodb_table.dynamodb_table",
            "aws_iam_policy.policy_add_cognito_user",
            "aws_iam_policy.policy_create_auth_challenge",
            "aws_iam_policy.policy_define_auth_challenge",
            "aws_iam_policy.policy_presignup",
            "aws_iam_policy.policy_verify_auth_challenege",
            "aws_iam_role.role_add_cognito_user",
            "aws_iam_role.role_create_auth_challenge",
            "aws_iam_role.role_define_auth_challenge",
            "aws_iam_role.role_presignup",
            "aws_iam_role.role_verify_auth_challenge",
            "aws_iam_role_policy_attachment.policy_attachment_create_auth_challenge",
            "aws_iam_role_policy_attachment.policy_attachment_define_auth_challenge",
            "aws_iam_role_policy_attachment.policy_attachment_presignup",
            "aws_iam_role_policy_attachment.policy_attachment_verify_auth_challenge",
            "aws_kms_alias.composable_solution_auth_kms_alias",
            "aws_kms_key.composable_authentication_solution_kms",
            "aws_lambda_function.create_auth_challenge",
            "aws_lambda_function.define_auth_challenge",
            "aws_lambda_function.pre_signup",
            "aws_lambda_function.verify_auth_challenge_response",
            "data.archive_file.create_auth_challenge",
            "data.archive_file.define_auth_challenge",
            "data.archive_file.pre_signup",
            "data.archive_file.verify_auth_challenge_response",
            "data.aws_caller_identity.current",
            "data.aws_region.current"
          ]
        }
      ]
    },
    {
      "mode": "managed",
      "type": "aws_iam_role_policy_attachment",
      "name": "policy_attachment_create_auth_challenge",
      "provider": "provider[\"registry.terraform.io/hashicorp/aws\"]",
      "instances": [
        {
          "schema_version": 0,
          "attributes": {
            "id": "magicLink-solution_create_auth_challenges-20240123095537519700000002",
            "policy_arn": "arn:aws:iam::596891947105:policy/magicLink-solution_aws_policy_create_auth_challenge",
            "role": "magicLink-solution_create_auth_challenges"
          },
          "sensitive_attributes": [],
          "private": "bnVsbA==",
          "dependencies": [
            "aws_dynamodb_table.dynamodb_table",
            "aws_iam_policy.policy_create_auth_challenge",
            "aws_iam_role.role_create_auth_challenge",
            "aws_kms_alias.composable_solution_auth_kms_alias",
            "aws_kms_key.composable_authentication_solution_kms",
            "data.aws_caller_identity.current",
            "data.aws_region.current"
          ]
        }
      ]
    },
    {
      "mode": "managed",
      "type": "aws_iam_role_policy_attachment",
      "name": "policy_attachment_define_auth_challenge",
      "provider": "provider[\"registry.terraform.io/hashicorp/aws\"]",
      "instances": [
        {
          "schema_version": 0,
          "attributes": {
            "id": "magicLink-solution_define_auth_challenge-20240123094953095800000002",
            "policy_arn": "arn:aws:iam::596891947105:policy/magicLink-solution_aws_policy_define_auth_challenges",
            "role": "magicLink-solution_define_auth_challenge"
          },
          "sensitive_attributes": [],
          "private": "bnVsbA==",
          "dependencies": [
            "aws_iam_policy.policy_define_auth_challenge",
            "aws_iam_role.role_define_auth_challenge"
          ]
        }
      ]
    },
    {
      "mode": "managed",
      "type": "aws_iam_role_policy_attachment",
      "name": "policy_attachment_presignup",
      "provider": "provider[\"registry.terraform.io/hashicorp/aws\"]",
      "instances": [
        {
          "schema_version": 0,
          "attributes": {
            "id": "magicLink-solution_PreSignup-20240123094952935700000001",
            "policy_arn": "arn:aws:iam::596891947105:policy/magicLink-solution_aws_policy_presignup",
            "role": "magicLink-solution_PreSignup"
          },
          "sensitive_attributes": [],
          "private": "bnVsbA==",
          "dependencies": [
            "aws_iam_policy.policy_presignup",
            "aws_iam_role.role_presignup"
          ]
        }
      ]
    },
    {
      "mode": "managed",
      "type": "aws_iam_role_policy_attachment",
      "name": "policy_attachment_verify_auth_challenge",
      "provider": "provider[\"registry.terraform.io/hashicorp/aws\"]",
      "instances": [
        {
          "schema_version": 0,
          "attributes": {
            "id": "magicLink-solution_verify_auth_challenge-20240123095537423300000001",
            "policy_arn": "arn:aws:iam::596891947105:policy/magicLink-solution_aws_policy_verify_auth_challenge",
            "role": "magicLink-solution_verify_auth_challenge"
          },
          "sensitive_attributes": [],
          "private": "bnVsbA==",
          "dependencies": [
            "aws_dynamodb_table.dynamodb_table",
            "aws_iam_policy.policy_verify_auth_challenege",
            "aws_iam_role.role_verify_auth_challenge",
            "aws_kms_alias.composable_solution_auth_kms_alias",
            "aws_kms_key.composable_authentication_solution_kms"
          ]
        }
      ]
    },
    {
      "mode": "managed",
      "type": "aws_kms_alias",
      "name": "composable_solution_auth_kms_alias",
      "provider": "provider[\"registry.terraform.io/hashicorp/aws\"]",
      "instances": [
        {
          "schema_version": 0,
          "attributes": {
            "arn": "arn:aws:kms:us-west-2:596891947105:alias/magicLink-solution_kms_alias",
            "id": "alias/magicLink-solution_kms_alias",
            "name": "alias/magicLink-solution_kms_alias",
            "name_prefix": "",
            "target_key_arn": "arn:aws:kms:us-west-2:596891947105:key/8c60e853-8c08-4d33-9272-a8fb66910cbf",
            "target_key_id": "8c60e853-8c08-4d33-9272-a8fb66910cbf"
          },
          "sensitive_attributes": [],
          "private": "bnVsbA==",
          "dependencies": [
            "aws_kms_key.composable_authentication_solution_kms"
          ]
        }
      ]
    },
    {
      "mode": "managed",
      "type": "aws_kms_key",
      "name": "composable_authentication_solution_kms",
      "provider": "provider[\"registry.terraform.io/hashicorp/aws\"]",
      "instances": [
        {
          "schema_version": 0,
          "attributes": {
            "arn": "arn:aws:kms:us-west-2:596891947105:key/8c60e853-8c08-4d33-9272-a8fb66910cbf",
            "bypass_policy_lockout_safety_check": false,
            "custom_key_store_id": "",
            "customer_master_key_spec": "RSA_2048",
            "deletion_window_in_days": null,
            "description": "magicLink-solution_KMS_stack",
            "enable_key_rotation": false,
            "id": "8c60e853-8c08-4d33-9272-a8fb66910cbf",
            "is_enabled": true,
            "key_id": "8c60e853-8c08-4d33-9272-a8fb66910cbf",
            "key_usage": "SIGN_VERIFY",
            "multi_region": false,
            "policy": "{\"Id\":\"key-default-1\",\"Statement\":[{\"Action\":\"kms:*\",\"Effect\":\"Allow\",\"Principal\":{\"AWS\":\"arn:aws:iam::596891947105:root\"},\"Resource\":\"*\",\"Sid\":\"Enable IAM User Permissions\"}],\"Version\":\"2012-10-17\"}",
            "tags": {},
            "tags_all": {},
            "timeouts": null,
            "xks_key_id": ""
          },
          "sensitive_attributes": [],
          "private": "eyJlMmJmYjczMC1lY2FhLTExZTYtOGY4OC0zNDM2M2JjN2M0YzAiOnsiY3JlYXRlIjoxMjAwMDAwMDAwMDB9fQ=="
        }
      ]
    },
    {
      "mode": "managed",
      "type": "aws_lambda_function",
      "name": "add_cognito_user",
      "provider": "provider[\"registry.terraform.io/hashicorp/aws\"]",
      "instances": [
        {
          "schema_version": 0,
          "attributes": {
            "architectures": [
              "arm64"
            ],
            "arn": "arn:aws:lambda:us-west-2:596891947105:function:magicLink-solution_add_cognito_user",
            "code_signing_config_arn": "",
            "dead_letter_config": [],
            "description": "",
            "environment": [
              {
                "variables": {
                  "USER_POOL_ID": "us-west-2_Vh8KYdMOY"
                }
              }
            ],
            "ephemeral_storage": [
              {
                "size": 512
              }
            ],
            "file_system_config": [],
            "filename": "./../dist/lambda/create_user.zip",
            "function_name": "magicLink-solution_add_cognito_user",
            "handler": "index.handler",
            "id": "magicLink-solution_add_cognito_user",
            "image_config": [],
            "image_uri": "",
            "invoke_arn": "arn:aws:apigateway:us-west-2:lambda:path/2015-03-31/functions/arn:aws:lambda:us-west-2:596891947105:function:magicLink-solution_add_cognito_user/invocations",
            "kms_key_arn": "",
            "last_modified": "2024-01-23T11:10:32.000+0000",
            "layers": [],
            "logging_config": [
              {
                "application_log_level": "",
                "log_format": "Text",
                "log_group": "/aws/lambda/magicLink-solution_add_cognito_user",
                "system_log_level": ""
              }
            ],
            "memory_size": 128,
            "package_type": "Zip",
            "publish": false,
            "qualified_arn": "arn:aws:lambda:us-west-2:596891947105:function:magicLink-solution_add_cognito_user:$LATEST",
            "qualified_invoke_arn": "arn:aws:apigateway:us-west-2:lambda:path/2015-03-31/functions/arn:aws:lambda:us-west-2:596891947105:function:magicLink-solution_add_cognito_user:$LATEST/invocations",
            "replace_security_groups_on_destroy": null,
            "replacement_security_group_ids": null,
            "reserved_concurrent_executions": -1,
            "role": "arn:aws:iam::596891947105:role/magicLink-solution_add_cognito_user",
            "runtime": "nodejs18.x",
            "s3_bucket": null,
            "s3_key": null,
            "s3_object_version": null,
            "signing_job_arn": "",
            "signing_profile_version_arn": "",
            "skip_destroy": false,
            "snap_start": [],
            "source_code_hash": "uY+E7xV6H3OZhMXj90Kh/z3kJ6M3U1dqYJXGzAKct38=",
            "source_code_size": 1194,
            "tags": {},
            "tags_all": {},
            "timeout": 5,
            "timeouts": null,
            "tracing_config": [
              {
                "mode": "PassThrough"
              }
            ],
            "version": "$LATEST",
            "vpc_config": []
          },
          "sensitive_attributes": [],
          "private": "eyJlMmJmYjczMC1lY2FhLTExZTYtOGY4OC0zNDM2M2JjN2M0YzAiOnsiY3JlYXRlIjo2MDAwMDAwMDAwMDAsImRlbGV0ZSI6NjAwMDAwMDAwMDAwLCJ1cGRhdGUiOjYwMDAwMDAwMDAwMH19",
          "dependencies": [
            "aws_cognito_user_pool.composable_auth_user_pool",
            "aws_dynamodb_table.dynamodb_table",
            "aws_iam_policy.policy_add_cognito_user",
            "aws_iam_policy.policy_create_auth_challenge",
            "aws_iam_policy.policy_define_auth_challenge",
            "aws_iam_policy.policy_presignup",
            "aws_iam_policy.policy_verify_auth_challenege",
            "aws_iam_role.role_add_cognito_user",
            "aws_iam_role.role_create_auth_challenge",
            "aws_iam_role.role_define_auth_challenge",
            "aws_iam_role.role_presignup",
            "aws_iam_role.role_verify_auth_challenge",
            "aws_iam_role_policy_attachment.policy_attachment_add_cognito_user",
            "aws_iam_role_policy_attachment.policy_attachment_create_auth_challenge",
            "aws_iam_role_policy_attachment.policy_attachment_define_auth_challenge",
            "aws_iam_role_policy_attachment.policy_attachment_presignup",
            "aws_iam_role_policy_attachment.policy_attachment_verify_auth_challenge",
            "aws_kms_alias.composable_solution_auth_kms_alias",
            "aws_kms_key.composable_authentication_solution_kms",
            "aws_lambda_function.create_auth_challenge",
            "aws_lambda_function.define_auth_challenge",
            "aws_lambda_function.pre_signup",
            "aws_lambda_function.verify_auth_challenge_response",
            "data.archive_file.add_cognito_user",
            "data.archive_file.create_auth_challenge",
            "data.archive_file.define_auth_challenge",
            "data.archive_file.pre_signup",
            "data.archive_file.verify_auth_challenge_response",
            "data.aws_caller_identity.current",
            "data.aws_region.current"
          ]
        }
      ]
    },
    {
      "mode": "managed",
      "type": "aws_lambda_function",
      "name": "create_auth_challenge",
      "provider": "provider[\"registry.terraform.io/hashicorp/aws\"]",
      "instances": [
        {
          "schema_version": 0,
          "attributes": {
            "architectures": [
              "arm64"
            ],
            "arn": "arn:aws:lambda:us-west-2:596891947105:function:magicLink-solution_create_auth_challenge",
            "code_signing_config_arn": "",
            "dead_letter_config": [],
            "description": "",
            "environment": [
              {
                "variables": {
                  "ALLOWED_ORIGINS": "http://localhost:5173",
                  "DYNAMODB_SECRETS_TABLE": "magicLink-solution_SecretsTablePasswordless",
                  "KMS_KEY_ID": "alias/magicLink-solution_kms_alias",
                  "MAGIC_LINK_ENABLED": "TRUE",
                  "MIN_SECONDS_BETWEEN": "60",
                  "SALT": "ABHIs24",
                  "SECONDS_UNTIL_EXPIRY": "900",
                  "SES_FROM_ADDRESS": "Abhishek.Sandliya@triconinfotech.com",
                  "SES_REGION": "us-west-2"
                }
              }
            ],
            "ephemeral_storage": [
              {
                "size": 512
              }
            ],
            "file_system_config": [],
            "filename": "./../dist/lambda/create_auth_challenge.zip",
            "function_name": "magicLink-solution_create_auth_challenge",
            "handler": "index.handler",
            "id": "magicLink-solution_create_auth_challenge",
            "image_config": [],
            "image_uri": "",
            "invoke_arn": "arn:aws:apigateway:us-west-2:lambda:path/2015-03-31/functions/arn:aws:lambda:us-west-2:596891947105:function:magicLink-solution_create_auth_challenge/invocations",
            "kms_key_arn": "",
            "last_modified": "2024-01-23T11:10:24.000+0000",
            "layers": [],
            "logging_config": [
              {
                "application_log_level": "",
                "log_format": "Text",
                "log_group": "/aws/lambda/magicLink-solution_create_auth_challenge",
                "system_log_level": ""
              }
            ],
            "memory_size": 128,
            "package_type": "Zip",
            "publish": false,
            "qualified_arn": "arn:aws:lambda:us-west-2:596891947105:function:magicLink-solution_create_auth_challenge:$LATEST",
            "qualified_invoke_arn": "arn:aws:apigateway:us-west-2:lambda:path/2015-03-31/functions/arn:aws:lambda:us-west-2:596891947105:function:magicLink-solution_create_auth_challenge:$LATEST/invocations",
            "replace_security_groups_on_destroy": null,
            "replacement_security_group_ids": null,
            "reserved_concurrent_executions": -1,
            "role": "arn:aws:iam::596891947105:role/magicLink-solution_create_auth_challenges",
            "runtime": "nodejs18.x",
            "s3_bucket": null,
            "s3_key": null,
            "s3_object_version": null,
            "signing_job_arn": "",
            "signing_profile_version_arn": "",
            "skip_destroy": false,
            "snap_start": [],
            "source_code_hash": "8Ma3CuHD82OObsy6MZWqOBRXrynnfl0Id/tQMVEbDmA=",
            "source_code_size": 3754,
            "tags": {},
            "tags_all": {},
            "timeout": 5,
            "timeouts": null,
            "tracing_config": [
              {
                "mode": "PassThrough"
              }
            ],
            "version": "$LATEST",
            "vpc_config": []
          },
          "sensitive_attributes": [],
          "private": "eyJlMmJmYjczMC1lY2FhLTExZTYtOGY4OC0zNDM2M2JjN2M0YzAiOnsiY3JlYXRlIjo2MDAwMDAwMDAwMDAsImRlbGV0ZSI6NjAwMDAwMDAwMDAwLCJ1cGRhdGUiOjYwMDAwMDAwMDAwMH19",
          "dependencies": [
            "aws_dynamodb_table.dynamodb_table",
            "aws_iam_policy.policy_create_auth_challenge",
            "aws_iam_role.role_create_auth_challenge",
            "aws_iam_role_policy_attachment.policy_attachment_create_auth_challenge",
            "aws_kms_alias.composable_solution_auth_kms_alias",
            "aws_kms_key.composable_authentication_solution_kms",
            "data.archive_file.create_auth_challenge",
            "data.aws_caller_identity.current",
            "data.aws_region.current"
          ]
        }
      ]
    },
    {
      "mode": "managed",
      "type": "aws_lambda_function",
      "name": "define_auth_challenge",
      "provider": "provider[\"registry.terraform.io/hashicorp/aws\"]",
      "instances": [
        {
          "schema_version": 0,
          "attributes": {
            "architectures": [
              "arm64"
            ],
            "arn": "arn:aws:lambda:us-west-2:596891947105:function:magicLink-solution_define_auth_challenge",
            "code_signing_config_arn": "",
            "dead_letter_config": [],
            "description": "",
            "environment": [
              {
                "variables": {
                  "LOG_LEVEL": "DEBUG"
                }
              }
            ],
            "ephemeral_storage": [
              {
                "size": 512
              }
            ],
            "file_system_config": [],
            "filename": "./../dist/lambda/define_auth_challenge.zip",
            "function_name": "magicLink-solution_define_auth_challenge",
            "handler": "index.handler",
            "id": "magicLink-solution_define_auth_challenge",
            "image_config": [],
            "image_uri": "",
            "invoke_arn": "arn:aws:apigateway:us-west-2:lambda:path/2015-03-31/functions/arn:aws:lambda:us-west-2:596891947105:function:magicLink-solution_define_auth_challenge/invocations",
            "kms_key_arn": "",
            "last_modified": "2024-01-23T09:55:56.024+0000",
            "layers": [],
            "logging_config": [
              {
                "application_log_level": "",
                "log_format": "Text",
                "log_group": "/aws/lambda/magicLink-solution_define_auth_challenge",
                "system_log_level": ""
              }
            ],
            "memory_size": 128,
            "package_type": "Zip",
            "publish": false,
            "qualified_arn": "arn:aws:lambda:us-west-2:596891947105:function:magicLink-solution_define_auth_challenge:$LATEST",
            "qualified_invoke_arn": "arn:aws:apigateway:us-west-2:lambda:path/2015-03-31/functions/arn:aws:lambda:us-west-2:596891947105:function:magicLink-solution_define_auth_challenge:$LATEST/invocations",
            "replace_security_groups_on_destroy": null,
            "replacement_security_group_ids": null,
            "reserved_concurrent_executions": -1,
            "role": "arn:aws:iam::596891947105:role/magicLink-solution_define_auth_challenge",
            "runtime": "nodejs18.x",
            "s3_bucket": null,
            "s3_key": null,
            "s3_object_version": null,
            "signing_job_arn": "",
            "signing_profile_version_arn": "",
            "skip_destroy": false,
            "snap_start": [],
            "source_code_hash": "v3JeD1mFGHl2qQa+Z+Mbl6p2O0KhYQy5timI6VlVlyE=",
            "source_code_size": 1380,
            "tags": {},
            "tags_all": {},
            "timeout": 5,
            "timeouts": null,
            "tracing_config": [
              {
                "mode": "PassThrough"
              }
            ],
            "version": "$LATEST",
            "vpc_config": []
          },
          "sensitive_attributes": [],
          "private": "eyJlMmJmYjczMC1lY2FhLTExZTYtOGY4OC0zNDM2M2JjN2M0YzAiOnsiY3JlYXRlIjo2MDAwMDAwMDAwMDAsImRlbGV0ZSI6NjAwMDAwMDAwMDAwLCJ1cGRhdGUiOjYwMDAwMDAwMDAwMH19",
          "dependencies": [
            "aws_iam_policy.policy_define_auth_challenge",
            "aws_iam_role.role_define_auth_challenge",
            "aws_iam_role_policy_attachment.policy_attachment_define_auth_challenge",
            "data.archive_file.define_auth_challenge"
          ]
        }
      ]
    },
    {
      "mode": "managed",
      "type": "aws_lambda_function",
      "name": "pre_signup",
      "provider": "provider[\"registry.terraform.io/hashicorp/aws\"]",
      "instances": [
        {
          "schema_version": 0,
          "attributes": {
            "architectures": [
              "arm64"
            ],
            "arn": "arn:aws:lambda:us-west-2:596891947105:function:magicLink-solution_pre_signup",
            "code_signing_config_arn": "",
            "dead_letter_config": [],
            "description": "",
            "environment": [
              {
                "variables": {
                  "LOG_LEVEL": "DEBUG"
                }
              }
            ],
            "ephemeral_storage": [
              {
                "size": 512
              }
            ],
            "file_system_config": [],
            "filename": "./../dist/lambda/pre_signup.zip",
            "function_name": "magicLink-solution_pre_signup",
            "handler": "index.handler",
            "id": "magicLink-solution_pre_signup",
            "image_config": [],
            "image_uri": "",
            "invoke_arn": "arn:aws:apigateway:us-west-2:lambda:path/2015-03-31/functions/arn:aws:lambda:us-west-2:596891947105:function:magicLink-solution_pre_signup/invocations",
            "kms_key_arn": "",
            "last_modified": "2024-01-23T09:55:56.025+0000",
            "layers": [],
            "logging_config": [
              {
                "application_log_level": "",
                "log_format": "Text",
                "log_group": "/aws/lambda/magicLink-solution_pre_signup",
                "system_log_level": ""
              }
            ],
            "memory_size": 128,
            "package_type": "Zip",
            "publish": false,
            "qualified_arn": "arn:aws:lambda:us-west-2:596891947105:function:magicLink-solution_pre_signup:$LATEST",
            "qualified_invoke_arn": "arn:aws:apigateway:us-west-2:lambda:path/2015-03-31/functions/arn:aws:lambda:us-west-2:596891947105:function:magicLink-solution_pre_signup:$LATEST/invocations",
            "replace_security_groups_on_destroy": null,
            "replacement_security_group_ids": null,
            "reserved_concurrent_executions": -1,
            "role": "arn:aws:iam::596891947105:role/magicLink-solution_PreSignup",
            "runtime": "nodejs18.x",
            "s3_bucket": null,
            "s3_key": null,
            "s3_object_version": null,
            "signing_job_arn": "",
            "signing_profile_version_arn": "",
            "skip_destroy": false,
            "snap_start": [],
            "source_code_hash": "IOi9vSUkq6v9po3175bDtmWVaUaBRpJG/k1rbvJpkxc=",
            "source_code_size": 662,
            "tags": {},
            "tags_all": {},
            "timeout": 5,
            "timeouts": null,
            "tracing_config": [
              {
                "mode": "PassThrough"
              }
            ],
            "version": "$LATEST",
            "vpc_config": []
          },
          "sensitive_attributes": [],
          "private": "eyJlMmJmYjczMC1lY2FhLTExZTYtOGY4OC0zNDM2M2JjN2M0YzAiOnsiY3JlYXRlIjo2MDAwMDAwMDAwMDAsImRlbGV0ZSI6NjAwMDAwMDAwMDAwLCJ1cGRhdGUiOjYwMDAwMDAwMDAwMH19",
          "dependencies": [
            "aws_iam_policy.policy_presignup",
            "aws_iam_role.role_presignup",
            "aws_iam_role_policy_attachment.policy_attachment_presignup",
            "data.archive_file.pre_signup"
          ]
        }
      ]
    },
    {
      "mode": "managed",
      "type": "aws_lambda_function",
      "name": "verify_auth_challenge_response",
      "provider": "provider[\"registry.terraform.io/hashicorp/aws\"]",
      "instances": [
        {
          "schema_version": 0,
          "attributes": {
            "architectures": [
              "x86_64"
            ],
            "arn": "arn:aws:lambda:us-west-2:596891947105:function:magicLink-solution_verify_auth_challenge_response",
            "code_signing_config_arn": "",
            "dead_letter_config": [],
            "description": "",
            "environment": [
              {
                "variables": {
                  "ALLOWED_ORIGINS": "http://localhost:5173",
                  "DYNAMODB_SECRETS_TABLE": "magicLink-solution_SecretsTablePasswordless",
                  "LOG_LEVEL": "DEBUG",
                  "MAGIC_LINK_ENABLED": "TRUE",
                  "SALT": "ABHIs24"
                }
              }
            ],
            "ephemeral_storage": [
              {
                "size": 512
              }
            ],
            "file_system_config": [],
            "filename": "./../dist/lambda/verify_auth_challenge_response.zip",
            "function_name": "magicLink-solution_verify_auth_challenge_response",
            "handler": "index.handler",
            "id": "magicLink-solution_verify_auth_challenge_response",
            "image_config": [],
            "image_uri": "",
            "invoke_arn": "arn:aws:apigateway:us-west-2:lambda:path/2015-03-31/functions/arn:aws:lambda:us-west-2:596891947105:function:magicLink-solution_verify_auth_challenge_response/invocations",
            "kms_key_arn": "",
            "last_modified": "2024-01-23T11:10:24.000+0000",
            "layers": [],
            "logging_config": [
              {
                "application_log_level": "",
                "log_format": "Text",
                "log_group": "/aws/lambda/magicLink-solution_verify_auth_challenge_response",
                "system_log_level": ""
              }
            ],
            "memory_size": 128,
            "package_type": "Zip",
            "publish": false,
            "qualified_arn": "arn:aws:lambda:us-west-2:596891947105:function:magicLink-solution_verify_auth_challenge_response:$LATEST",
            "qualified_invoke_arn": "arn:aws:apigateway:us-west-2:lambda:path/2015-03-31/functions/arn:aws:lambda:us-west-2:596891947105:function:magicLink-solution_verify_auth_challenge_response:$LATEST/invocations",
            "replace_security_groups_on_destroy": null,
            "replacement_security_group_ids": null,
            "reserved_concurrent_executions": -1,
            "role": "arn:aws:iam::596891947105:role/magicLink-solution_verify_auth_challenge",
            "runtime": "nodejs18.x",
            "s3_bucket": null,
            "s3_key": null,
            "s3_object_version": null,
            "signing_job_arn": "",
            "signing_profile_version_arn": "",
            "skip_destroy": false,
            "snap_start": [],
            "source_code_hash": "fpARyQmcrik6Nu0OYnnNeyXlx7uGxbW0qSPlqa4w0Lg=",
            "source_code_size": 3752,
            "tags": {},
            "tags_all": {},
            "timeout": 3,
            "timeouts": null,
            "tracing_config": [
              {
                "mode": "PassThrough"
              }
            ],
            "version": "$LATEST",
            "vpc_config": []
          },
          "sensitive_attributes": [],
          "private": "eyJlMmJmYjczMC1lY2FhLTExZTYtOGY4OC0zNDM2M2JjN2M0YzAiOnsiY3JlYXRlIjo2MDAwMDAwMDAwMDAsImRlbGV0ZSI6NjAwMDAwMDAwMDAwLCJ1cGRhdGUiOjYwMDAwMDAwMDAwMH19",
          "dependencies": [
            "aws_dynamodb_table.dynamodb_table",
            "aws_iam_policy.policy_verify_auth_challenege",
            "aws_iam_role.role_verify_auth_challenge",
            "aws_iam_role_policy_attachment.policy_attachment_verify_auth_challenge",
            "aws_kms_alias.composable_solution_auth_kms_alias",
            "aws_kms_key.composable_authentication_solution_kms",
            "data.archive_file.verify_auth_challenge_response"
          ]
        }
      ]
    },
    {
      "mode": "managed",
      "type": "aws_lambda_permission",
      "name": "resource_policy_create_auth",
      "provider": "provider[\"registry.terraform.io/hashicorp/aws\"]",
      "instances": [
        {
          "schema_version": 0,
          "attributes": {
            "action": "lambda:InvokeFunction",
            "event_source_token": null,
            "function_name": "magicLink-solution_create_auth_challenge",
            "function_url_auth_type": null,
            "id": "terraform-20240123095555141500000004",
            "principal": "cognito-idp.amazonaws.com",
            "principal_org_id": null,
            "qualifier": "",
            "source_account": null,
            "source_arn": "arn:aws:cognito-idp:us-west-2:596891947105:userpool/us-west-2_Vh8KYdMOY",
            "statement_id": "terraform-20240123095555141500000004",
            "statement_id_prefix": "terraform-"
          },
          "sensitive_attributes": [],
          "private": "bnVsbA==",
          "dependencies": [
            "aws_cognito_user_pool.composable_auth_user_pool",
            "aws_dynamodb_table.dynamodb_table",
            "aws_iam_policy.policy_create_auth_challenge",
            "aws_iam_policy.policy_define_auth_challenge",
            "aws_iam_policy.policy_presignup",
            "aws_iam_policy.policy_verify_auth_challenege",
            "aws_iam_role.role_create_auth_challenge",
            "aws_iam_role.role_define_auth_challenge",
            "aws_iam_role.role_presignup",
            "aws_iam_role.role_verify_auth_challenge",
            "aws_iam_role_policy_attachment.policy_attachment_create_auth_challenge",
            "aws_iam_role_policy_attachment.policy_attachment_define_auth_challenge",
            "aws_iam_role_policy_attachment.policy_attachment_presignup",
            "aws_iam_role_policy_attachment.policy_attachment_verify_auth_challenge",
            "aws_kms_alias.composable_solution_auth_kms_alias",
            "aws_kms_key.composable_authentication_solution_kms",
            "aws_lambda_function.create_auth_challenge",
            "aws_lambda_function.define_auth_challenge",
            "aws_lambda_function.pre_signup",
            "aws_lambda_function.verify_auth_challenge_response",
            "data.archive_file.create_auth_challenge",
            "data.archive_file.define_auth_challenge",
            "data.archive_file.pre_signup",
            "data.archive_file.verify_auth_challenge_response",
            "data.aws_caller_identity.current",
            "data.aws_region.current"
          ]
        }
      ]
    },
    {
      "mode": "managed",
      "type": "aws_lambda_permission",
      "name": "resource_policy_create_users",
      "provider": "provider[\"registry.terraform.io/hashicorp/aws\"]",
      "instances": [
        {
          "schema_version": 0,
          "attributes": {
            "action": "lambda:InvokeFunction",
            "event_source_token": null,
            "function_name": "magicLink-solution_add_cognito_user",
            "function_url_auth_type": null,
            "id": "terraform-20240123095603434100000008",
            "principal": "apigateway.amazonaws.com",
            "principal_org_id": null,
            "qualifier": "",
            "source_account": null,
            "source_arn": "arn:aws:execute-api:us-west-2:596891947105:bauals9ia9/*/POST/add-user",
            "statement_id": "terraform-20240123095603434100000008",
            "statement_id_prefix": "terraform-"
          },
          "sensitive_attributes": [],
          "private": "bnVsbA==",
          "dependencies": [
            "aws_api_gateway_method.method",
            "aws_api_gateway_resource.resource",
            "aws_api_gateway_rest_api.composable_auth_api_gateway",
            "aws_cognito_user_pool.composable_auth_user_pool",
            "aws_dynamodb_table.dynamodb_table",
            "aws_iam_policy.policy_add_cognito_user",
            "aws_iam_policy.policy_create_auth_challenge",
            "aws_iam_policy.policy_define_auth_challenge",
            "aws_iam_policy.policy_presignup",
            "aws_iam_policy.policy_verify_auth_challenege",
            "aws_iam_role.role_add_cognito_user",
            "aws_iam_role.role_create_auth_challenge",
            "aws_iam_role.role_define_auth_challenge",
            "aws_iam_role.role_presignup",
            "aws_iam_role.role_verify_auth_challenge",
            "aws_iam_role_policy_attachment.policy_attachment_add_cognito_user",
            "aws_iam_role_policy_attachment.policy_attachment_create_auth_challenge",
            "aws_iam_role_policy_attachment.policy_attachment_define_auth_challenge",
            "aws_iam_role_policy_attachment.policy_attachment_presignup",
            "aws_iam_role_policy_attachment.policy_attachment_verify_auth_challenge",
            "aws_kms_alias.composable_solution_auth_kms_alias",
            "aws_kms_key.composable_authentication_solution_kms",
            "aws_lambda_function.add_cognito_user",
            "aws_lambda_function.create_auth_challenge",
            "aws_lambda_function.define_auth_challenge",
            "aws_lambda_function.pre_signup",
            "aws_lambda_function.verify_auth_challenge_response",
            "data.archive_file.add_cognito_user",
            "data.archive_file.create_auth_challenge",
            "data.archive_file.define_auth_challenge",
            "data.archive_file.pre_signup",
            "data.archive_file.verify_auth_challenge_response",
            "data.aws_caller_identity.current",
            "data.aws_region.current"
          ]
        }
      ]
    },
    {
      "mode": "managed",
      "type": "aws_lambda_permission",
      "name": "resource_policy_define_auth",
      "provider": "provider[\"registry.terraform.io/hashicorp/aws\"]",
      "instances": [
        {
          "schema_version": 0,
          "attributes": {
            "action": "lambda:InvokeFunction",
            "event_source_token": null,
            "function_name": "magicLink-solution_define_auth_challenge",
            "function_url_auth_type": null,
            "id": "terraform-20240123095555140900000003",
            "principal": "cognito-idp.amazonaws.com",
            "principal_org_id": null,
            "qualifier": "",
            "source_account": null,
            "source_arn": "arn:aws:cognito-idp:us-west-2:596891947105:userpool/us-west-2_Vh8KYdMOY",
            "statement_id": "terraform-20240123095555140900000003",
            "statement_id_prefix": "terraform-"
          },
          "sensitive_attributes": [],
          "private": "bnVsbA==",
          "dependencies": [
            "aws_cognito_user_pool.composable_auth_user_pool",
            "aws_dynamodb_table.dynamodb_table",
            "aws_iam_policy.policy_create_auth_challenge",
            "aws_iam_policy.policy_define_auth_challenge",
            "aws_iam_policy.policy_presignup",
            "aws_iam_policy.policy_verify_auth_challenege",
            "aws_iam_role.role_create_auth_challenge",
            "aws_iam_role.role_define_auth_challenge",
            "aws_iam_role.role_presignup",
            "aws_iam_role.role_verify_auth_challenge",
            "aws_iam_role_policy_attachment.policy_attachment_create_auth_challenge",
            "aws_iam_role_policy_attachment.policy_attachment_define_auth_challenge",
            "aws_iam_role_policy_attachment.policy_attachment_presignup",
            "aws_iam_role_policy_attachment.policy_attachment_verify_auth_challenge",
            "aws_kms_alias.composable_solution_auth_kms_alias",
            "aws_kms_key.composable_authentication_solution_kms",
            "aws_lambda_function.create_auth_challenge",
            "aws_lambda_function.define_auth_challenge",
            "aws_lambda_function.pre_signup",
            "aws_lambda_function.verify_auth_challenge_response",
            "data.archive_file.create_auth_challenge",
            "data.archive_file.define_auth_challenge",
            "data.archive_file.pre_signup",
            "data.archive_file.verify_auth_challenge_response",
            "data.aws_caller_identity.current",
            "data.aws_region.current"
          ]
        }
      ]
    },
    {
      "mode": "managed",
      "type": "aws_lambda_permission",
      "name": "resource_policy_pre_signup",
      "provider": "provider[\"registry.terraform.io/hashicorp/aws\"]",
      "instances": [
        {
          "schema_version": 0,
          "attributes": {
            "action": "lambda:InvokeFunction",
            "event_source_token": null,
            "function_name": "magicLink-solution_pre_signup",
            "function_url_auth_type": null,
            "id": "terraform-20240123095555141600000005",
            "principal": "cognito-idp.amazonaws.com",
            "principal_org_id": null,
            "qualifier": "",
            "source_account": null,
            "source_arn": "arn:aws:cognito-idp:us-west-2:596891947105:userpool/us-west-2_Vh8KYdMOY",
            "statement_id": "terraform-20240123095555141600000005",
            "statement_id_prefix": "terraform-"
          },
          "sensitive_attributes": [],
          "private": "bnVsbA==",
          "dependencies": [
            "aws_cognito_user_pool.composable_auth_user_pool",
            "aws_dynamodb_table.dynamodb_table",
            "aws_iam_policy.policy_create_auth_challenge",
            "aws_iam_policy.policy_define_auth_challenge",
            "aws_iam_policy.policy_presignup",
            "aws_iam_policy.policy_verify_auth_challenege",
            "aws_iam_role.role_create_auth_challenge",
            "aws_iam_role.role_define_auth_challenge",
            "aws_iam_role.role_presignup",
            "aws_iam_role.role_verify_auth_challenge",
            "aws_iam_role_policy_attachment.policy_attachment_create_auth_challenge",
            "aws_iam_role_policy_attachment.policy_attachment_define_auth_challenge",
            "aws_iam_role_policy_attachment.policy_attachment_presignup",
            "aws_iam_role_policy_attachment.policy_attachment_verify_auth_challenge",
            "aws_kms_alias.composable_solution_auth_kms_alias",
            "aws_kms_key.composable_authentication_solution_kms",
            "aws_lambda_function.create_auth_challenge",
            "aws_lambda_function.define_auth_challenge",
            "aws_lambda_function.pre_signup",
            "aws_lambda_function.verify_auth_challenge_response",
            "data.archive_file.create_auth_challenge",
            "data.archive_file.define_auth_challenge",
            "data.archive_file.pre_signup",
            "data.archive_file.verify_auth_challenge_response",
            "data.aws_caller_identity.current",
            "data.aws_region.current"
          ]
        }
      ]
    },
    {
      "mode": "managed",
      "type": "aws_lambda_permission",
      "name": "resource_policy_verify_auth",
      "provider": "provider[\"registry.terraform.io/hashicorp/aws\"]",
      "instances": [
        {
          "schema_version": 0,
          "attributes": {
            "action": "lambda:InvokeFunction",
            "event_source_token": null,
            "function_name": "magicLink-solution_verify_auth_challenge_response",
            "function_url_auth_type": null,
            "id": "terraform-20240123095555142100000006",
            "principal": "cognito-idp.amazonaws.com",
            "principal_org_id": null,
            "qualifier": "",
            "source_account": null,
            "source_arn": "arn:aws:cognito-idp:us-west-2:596891947105:userpool/us-west-2_Vh8KYdMOY",
            "statement_id": "terraform-20240123095555142100000006",
            "statement_id_prefix": "terraform-"
          },
          "sensitive_attributes": [],
          "private": "bnVsbA==",
          "dependencies": [
            "aws_cognito_user_pool.composable_auth_user_pool",
            "aws_dynamodb_table.dynamodb_table",
            "aws_iam_policy.policy_create_auth_challenge",
            "aws_iam_policy.policy_define_auth_challenge",
            "aws_iam_policy.policy_presignup",
            "aws_iam_policy.policy_verify_auth_challenege",
            "aws_iam_role.role_create_auth_challenge",
            "aws_iam_role.role_define_auth_challenge",
            "aws_iam_role.role_presignup",
            "aws_iam_role.role_verify_auth_challenge",
            "aws_iam_role_policy_attachment.policy_attachment_create_auth_challenge",
            "aws_iam_role_policy_attachment.policy_attachment_define_auth_challenge",
            "aws_iam_role_policy_attachment.policy_attachment_presignup",
            "aws_iam_role_policy_attachment.policy_attachment_verify_auth_challenge",
            "aws_kms_alias.composable_solution_auth_kms_alias",
            "aws_kms_key.composable_authentication_solution_kms",
            "aws_lambda_function.create_auth_challenge",
            "aws_lambda_function.define_auth_challenge",
            "aws_lambda_function.pre_signup",
            "aws_lambda_function.verify_auth_challenge_response",
            "data.archive_file.create_auth_challenge",
            "data.archive_file.define_auth_challenge",
            "data.archive_file.pre_signup",
            "data.archive_file.verify_auth_challenge_response",
            "data.aws_caller_identity.current",
            "data.aws_region.current"
          ]
        }
      ]
    }
  ],
  "check_results": null
}
